{
  "version": 4,
  "terraform_version": "1.14.5",
  "serial": 511,
  "lineage": "e80cc95a-f5fb-297a-93aa-8971bb05e280",
  "outputs": {
    "ec2_instance_ids": {
      "value": {
        "nielsen_playwright": "i-0753a9b35c7deb533"
      },
      "type": [
        "object",
        {
          "nielsen_playwright": "string"
        }
      ]
    },
    "lambda_alias_arn": {
      "value": {
        "pos_extract": null,
        "pos_transform": null
      },
      "type": [
        "object",
        {
          "pos_extract": "dynamic",
          "pos_transform": "dynamic"
        }
      ]
    },
    "lambda_function_arn": {
      "value": {
        "pos_extract": "arn:aws:lambda:us-east-1:000605313601:function:pos_extract-dev",
        "pos_transform": "arn:aws:lambda:us-east-1:000605313601:function:pos_transform-dev"
      },
      "type": [
        "object",
        {
          "pos_extract": "string",
          "pos_transform": "string"
        }
      ]
    },
    "lambda_function_name": {
      "value": {
        "pos_extract": "pos_extract-dev",
        "pos_transform": "pos_transform-dev"
      },
      "type": [
        "object",
        {
          "pos_extract": "string",
          "pos_transform": "string"
        }
      ]
    },
    "lambda_function_url": {
      "value": {
        "pos_extract": null,
        "pos_transform": null
      },
      "type": [
        "object",
        {
          "pos_extract": "dynamic",
          "pos_transform": "dynamic"
        }
      ]
    },
    "lambda_iam_role_arn": {
      "value": {
        "pos_extract": "arn:aws:iam::000605313601:role/pos_extract-dev-role",
        "pos_transform": "arn:aws:iam::000605313601:role/pos_transform-dev-role"
      },
      "type": [
        "object",
        {
          "pos_extract": "string",
          "pos_transform": "string"
        }
      ]
    },
    "lambda_invoke_arn": {
      "value": {
        "pos_extract": "arn:aws:apigateway:us-east-1:lambda:path/2015-03-31/functions/arn:aws:lambda:us-east-1:000605313601:function:pos_extract-dev/invocations",
        "pos_transform": "arn:aws:apigateway:us-east-1:lambda:path/2015-03-31/functions/arn:aws:lambda:us-east-1:000605313601:function:pos_transform-dev/invocations"
      },
      "type": [
        "object",
        {
          "pos_extract": "string",
          "pos_transform": "string"
        }
      ]
    },
    "lambda_layer_arns": {
      "value": {},
      "type": [
        "object",
        {}
      ]
    },
    "lambda_log_group": {
      "value": {
        "pos_extract": "/aws/lambda/pos_extract-dev",
        "pos_transform": "/aws/lambda/pos_transform-dev"
      },
      "type": [
        "object",
        {
          "pos_extract": "string",
          "pos_transform": "string"
        }
      ]
    },
    "s3_bucket_arns": {
      "value": {
        "s3_bucket_raw": "arn:aws:s3:::pos-raw-email-bucket",
        "s3_bucket_transformed": "arn:aws:s3:::pos-processed-email-bucket",
        "s3_product_upc_mapping": "arn:aws:s3:::product-upc-mapping"
      },
      "type": [
        "object",
        {
          "s3_bucket_raw": "string",
          "s3_bucket_transformed": "string",
          "s3_product_upc_mapping": "string"
        }
      ]
    },
    "s3_bucket_ids": {
      "value": {
        "s3_bucket_raw": "pos-raw-email-bucket",
        "s3_bucket_transformed": "pos-processed-email-bucket",
        "s3_product_upc_mapping": "product-upc-mapping"
      },
      "type": [
        "object",
        {
          "s3_bucket_raw": "string",
          "s3_bucket_transformed": "string",
          "s3_product_upc_mapping": "string"
        }
      ]
    },
    "secret_arns": {
      "value": {
        "snowflake_credentials": "arn:aws:secretsmanager:us-east-1:000605313601:secret:snowflake/pos-pipeline/dev/credentials-VvMHre",
        "snowflake_private_key": "arn:aws:secretsmanager:us-east-1:000605313601:secret:snowflake/pos-pipeline/dev/private-key-5237jW"
      },
      "type": [
        "object",
        {
          "snowflake_credentials": "string",
          "snowflake_private_key": "string"
        }
      ]
    }
  },
  "resources": [
    {
      "mode": "data",
      "type": "archive_file",
      "name": "lambda_zips",
      "provider": "provider[\"registry.terraform.io/hashicorp/archive\"]",
      "instances": [
        {
          "index_key": "pos_extract",
          "schema_version": 0,
          "attributes": {
            "exclude_symlink_directories": null,
            "excludes": null,
            "id": "b58289115331dc1d100fc72a47ef43fcc478a2a5",
            "output_base64sha256": "WMN5Wb5bSak6ohSmxek5Bqkqv1hb21A2P/7WoAaS8mo=",
            "output_base64sha512": "3VsF2V/JxN/WYxZSFAG88anJzRXjJnE1PmLrJoZzo8hfbQEi6l2AYvSri53IavwmTQw+Q9HXkxFGl8PaomTgAA==",
            "output_file_mode": null,
            "output_md5": "2b8798db6ec3a1578253c1784cc1b4c8",
            "output_path": "./.builds/pos_extract.zip",
            "output_sha": "b58289115331dc1d100fc72a47ef43fcc478a2a5",
            "output_sha256": "58c37959be5b49a93aa214a6c5e93906a92abf585bdb50363ffed6a00692f26a",
            "output_sha512": "dd5b05d95fc9c4dfd66316521401bcf1a9c9cd15e32671353e62eb268673a3c85f6d0122ea5d8062f4ab8b9dc86afc264d0c3e43d1d793114697c3daa264e000",
            "output_size": 1543,
            "source": [],
            "source_content": null,
            "source_content_filename": null,
            "source_dir": "../src/Lambdas/pos_extract",
            "source_file": null,
            "type": "zip"
          },
          "sensitive_attributes": [],
          "identity_schema_version": 0
        },
        {
          "index_key": "pos_transform",
          "schema_version": 0,
          "attributes": {
            "exclude_symlink_directories": null,
            "excludes": null,
            "id": "f8c8f683b8737ef4254f7e27fccbbc3f5ac61fdd",
            "output_base64sha256": "OPQKhCgn9PJAU5rJW4YxAWNyo8HwrcoiFJuE2QIAVlE=",
            "output_base64sha512": "8+tjYjvt4AvZNbsm1aKs6BY21dL9eEsq7VlYDsnJceSd+n8dyUeJaTnXs0Lc1XudSMSpdL/vij5qySIludAKEg==",
            "output_file_mode": null,
            "output_md5": "c5e148e3c599b44a7451a6fe14694e6c",
            "output_path": "./.builds/pos_transform.zip",
            "output_sha": "f8c8f683b8737ef4254f7e27fccbbc3f5ac61fdd",
            "output_sha256": "38f40a842827f4f240539ac95b8631016372a3c1f0adca22149b84d902005651",
            "output_sha512": "f3eb63623bede00bd935bb26d5a2ace81636d5d2fd784b2aed59580ec9c971e49dfa7f1dc947896939d7b342dcd57b9d48c4a974bfef8a3e6ac92225b9d00a12",
            "output_size": 4958,
            "source": [],
            "source_content": null,
            "source_content_filename": null,
            "source_dir": "../src/Lambdas/pos_transform",
            "source_file": null,
            "type": "zip"
          },
          "sensitive_attributes": [],
          "identity_schema_version": 0
        }
      ]
    },
    {
      "mode": "data",
      "type": "aws_secretsmanager_secret_version",
      "name": "snowflake_creds",
      "provider": "provider[\"registry.terraform.io/hashicorp/aws\"]",
      "instances": [
        {
          "schema_version": 0,
          "attributes": {
            "arn": "arn:aws:secretsmanager:us-east-1:000605313601:secret:snowflake/pos-pipeline/dev/credentials-VvMHre",
            "created_date": "2026-03-23T19:18:39Z",
            "id": "snowflake/pos-pipeline/dev/credentials|AWSCURRENT",
            "secret_binary": "",
            "secret_id": "snowflake/pos-pipeline/dev/credentials",
            "secret_string": "{\"organization\":\"JNPMQNX\",\"account\":\"VI43165\",\"username\":\"JACKIE\"}",
            "version_id": "620dd8b4-3a09-47be-9f94-934081d8a100",
            "version_stage": "AWSCURRENT",
            "version_stages": [
              "AWSCURRENT"
            ]
          },
          "sensitive_attributes": [
            [
              {
                "type": "get_attr",
                "value": "secret_binary"
              }
            ],
            [
              {
                "type": "get_attr",
                "value": "secret_string"
              }
            ]
          ],
          "identity_schema_version": 0
        }
      ]
    },
    {
      "mode": "data",
      "type": "aws_secretsmanager_secret_version",
      "name": "snowflake_key",
      "provider": "provider[\"registry.terraform.io/hashicorp/aws\"]",
      "instances": [
        {
          "schema_version": 0,
          "attributes": {
            "arn": "arn:aws:secretsmanager:us-east-1:000605313601:secret:snowflake/pos-pipeline/dev/private-key-5237jW",
            "created_date": "2026-03-23T17:18:43Z",
            "id": "snowflake/pos-pipeline/dev/private-key|AWSCURRENT",
            "secret_binary": "",
            "secret_id": "snowflake/pos-pipeline/dev/private-key",
            "secret_string": "-----BEGIN PRIVATE KEY-----\r\nMIIEvgIBADANBgkqhkiG9w0BAQEFAASCBKgwggSkAgEAAoIBAQDrXI4fQDQdRaJy\r\nk19AGOV6sxwcavIjdASOhjEYgMA8V61qDmZdr3zTdT7NBeh+3vauPNrQY+T9c+jZ\r\nrZDhNVieMYItz4dV6PXTIE7eLc4AVNOjnxGWxs0H/zNofov4L0R4circDweBRc2g\r\n8g9e2xZGgwI9Zgme4foXYk/dGfFnjhpPAQOezNpqfpi+Jq55qjcsaUddRYsvkBcs\r\n5z0vUyTM+VrF3m7NTObYwv9YPQqGZq5SgNBlowCdsOXcPCg/WAvxZ7RoWh2b6oBR\r\naeJQoK5z0aE6vvuI3ZUzLuxNGuzNT3l0Lxz0SquokPATiCfffBJOrASTtWcShIjs\r\n6dPBkBzBAgMBAAECggEAK9ND7otCuPmkrk+FQrbwEhkkYKFEXbgmehCAN1cQFJxh\r\n4Nf2FTdOV8Si8UPKn0cuqVKRDxEuzEgHQXM5gUnw6qH+4r9cLLHQhmPjc6kVTQf+\r\nkZ7WxFvXxUeun6RCtW+9wOzHUMsmo1pnV/MCzC+g9ffClMK5g2GCM1T92IaSZiza\r\n/KHoxjwifUpLf6wIX2N/+vCbupaeV4mo09plLD03bWeX5Rr1NcE2MxSVSEw9HnC/\r\nhYG/aFmDSRG2xA4H9kuktdggWLaF0hsxufh9yDU4c92ADuCdiVZ+/l/SsrkoOxdp\r\nHUd2MtccYwxbU+zmrLUrNovAvPfOo+HY1bAjGJ5F/QKBgQD+vU/5UdLMXpsIOa2q\r\nl+pgslrA7SsGycuBivAgDQL6abl9iCCMuWb49zSO5mgaS7NOu/Fs9LsJrt+4OjIc\r\ndErA+mDmlr8bh4lv2un+lTIXmeSFobE1/0NATAMzUMNdrJSjcgAss+IkC3EjFVm4\r\ne6Kg2VMlRNGizYHvB6cn5lheVQKBgQDshrIuJNOmX+kQsEjeoxMxA5DXoRMhDt8m\r\nlyw0EMBqW4zTh4j1npnpPSKgJrLVyxGmP0qI/rFl3j/uDwY487XZ4MGwGf4uVdSL\r\n65l7knY81TJXlPLum7NyJNLjwPDIk4C6UEW991iLgyin9J2okY77vwh9Myfj+U+u\r\nKjHeARCYvQKBgQDLWZxpzmOUOUFRA5oawEKdBkNkFu9t79DAjIS7USe7doJYLz6s\r\nl6QXwl72Y/9eXme4xlcnPwW/6RU2H165UCwMeNK5wES2WS/hVsPMMpVWOccu1bB9\r\nBlRNE2DKqgIK2SWeg/aXuNEhLPEXrId+uVNNS68P5Svj5mF+yoEpXLvWMQKBgQCP\r\niCW0btCpU+aBJBj0Ug2hXsKUt8B9/SJZrr86UTgS0r+g1cy9EKPhsCHFAfbgWjy5\r\noArBG53XbYlqE1/5S5t9PjELhpqCz78NsckP/g8WV2IXV+Ib/gxlJgd8AmebsDcb\r\n2P6ZivIGp28SjRTnaH1WM9UY9OQuKeq6jAx65jaGGQKBgGCF8XZOlFkfIHgfVpho\r\n3bcM8WRvniu/RJxIeV/b9jU5/ark7Fh0FUA52bH9g9Dj7JJOX7MAUYvflNapl0ns\r\nujQYIutrk6CO9+YoGHywYvjsLGvlFDV2hVXvLb0AlNITo/fVXG/3gYrgSpcPBVHb\r\nhHMoV0q3u2zNvbMQgc3/w6tK\r\n-----END PRIVATE KEY-----\r\n",
            "version_id": "terraform-20260323171844309000000002",
            "version_stage": "AWSCURRENT",
            "version_stages": [
              "AWSCURRENT"
            ]
          },
          "sensitive_attributes": [
            [
              {
                "type": "get_attr",
                "value": "secret_binary"
              }
            ],
            [
              {
                "type": "get_attr",
                "value": "secret_string"
              }
            ]
          ],
          "identity_schema_version": 0
        }
      ]
    },
    {
      "module": "module.compute[\"pos_extract\"]",
      "mode": "data",
      "type": "aws_iam_policy_document",
      "name": "assume_role",
      "provider": "provider[\"registry.terraform.io/hashicorp/aws\"]",
      "instances": [
        {
          "index_key": 0,
          "schema_version": 0,
          "attributes": {
            "id": "2690255455",
            "json": "{\n  \"Version\": \"2012-10-17\",\n  \"Statement\": [\n    {\n      \"Effect\": \"Allow\",\n      \"Action\": \"sts:AssumeRole\",\n      \"Principal\": {\n        \"Service\": \"lambda.amazonaws.com\"\n      }\n    }\n  ]\n}",
            "minified_json": "{\"Version\":\"2012-10-17\",\"Statement\":[{\"Effect\":\"Allow\",\"Action\":\"sts:AssumeRole\",\"Principal\":{\"Service\":\"lambda.amazonaws.com\"}}]}",
            "override_json": null,
            "override_policy_documents": null,
            "policy_id": null,
            "source_json": null,
            "source_policy_documents": null,
            "statement": [
              {
                "actions": [
                  "sts:AssumeRole"
                ],
                "condition": [],
                "effect": "Allow",
                "not_actions": [],
                "not_principals": [],
                "not_resources": [],
                "principals": [
                  {
                    "identifiers": [
                      "lambda.amazonaws.com"
                    ],
                    "type": "Service"
                  }
                ],
                "resources": [],
                "sid": ""
              }
            ],
            "version": "2012-10-17"
          },
          "sensitive_attributes": [],
          "identity_schema_version": 0
        }
      ]
    },
    {
      "module": "module.compute[\"pos_extract\"]",
      "mode": "managed",
      "type": "aws_cloudwatch_log_group",
      "name": "lambda",
      "provider": "provider[\"registry.terraform.io/hashicorp/aws\"]",
      "instances": [
        {
          "schema_version": 0,
          "attributes": {
            "arn": "arn:aws:logs:us-east-1:000605313601:log-group:/aws/lambda/pos_extract-dev",
            "id": "/aws/lambda/pos_extract-dev",
            "kms_key_id": "",
            "log_group_class": "STANDARD",
            "name": "/aws/lambda/pos_extract-dev",
            "name_prefix": "",
            "retention_in_days": 14,
            "skip_destroy": false,
            "tags": {
              "Environment": "dev",
              "Project": "pos-pipeline"
            },
            "tags_all": {
              "Environment": "dev",
              "ManagedBy": "Terraform",
              "Project": "pos-pipeline"
            }
          },
          "sensitive_attributes": [],
          "identity_schema_version": 0,
          "private": "bnVsbA=="
        }
      ]
    },
    {
      "module": "module.compute[\"pos_extract\"]",
      "mode": "managed",
      "type": "aws_iam_role",
      "name": "lambda",
      "provider": "provider[\"registry.terraform.io/hashicorp/aws\"]",
      "instances": [
        {
          "index_key": 0,
          "schema_version": 0,
          "attributes": {
            "arn": "arn:aws:iam::000605313601:role/pos_extract-dev-role",
            "assume_role_policy": "{\"Statement\":[{\"Action\":\"sts:AssumeRole\",\"Effect\":\"Allow\",\"Principal\":{\"Service\":\"lambda.amazonaws.com\"}}],\"Version\":\"2012-10-17\"}",
            "create_date": "2026-03-25T17:24:53Z",
            "description": "",
            "force_detach_policies": false,
            "id": "pos_extract-dev-role",
            "inline_policy": [
              {
                "name": "pos_extract-dev-role-additional-policy",
                "policy": "{\"Version\":\"2012-10-17\",\"Statement\":[{\"Action\":[\"s3:GetObject\"],\"Effect\":\"Allow\",\"Resource\":[\"arn:aws:s3:::product-upc-mapping/*\"]},{\"Action\":[\"s3:GetObject\",\"s3:PutObject\",\"s3:ListBucket\"],\"Effect\":\"Allow\",\"Resource\":[\"arn:aws:s3:::pos-pipeline-dev-data\",\"arn:aws:s3:::pos-pipeline-dev-data/*\"]},{\"Action\":[\"s3:PutObject\",\"s3:GetObject\",\"s3:ListBucket\"],\"Effect\":\"Allow\",\"Resource\":[\"arn:aws:s3:::pos-raw-email-bucket\",\"arn:aws:s3:::pos-raw-email-bucket/*\",\"arn:aws:s3:::pos-processed-email-bucket\",\"arn:aws:s3:::pos-processed-email-bucket/*\"]}]}"
              }
            ],
            "managed_policy_arns": [
              "arn:aws:iam::aws:policy/service-role/AWSLambdaBasicExecutionRole"
            ],
            "max_session_duration": 3600,
            "name": "pos_extract-dev-role",
            "name_prefix": "",
            "path": "/",
            "permissions_boundary": "",
            "tags": {
              "Environment": "dev",
              "Project": "pos-pipeline"
            },
            "tags_all": {
              "Environment": "dev",
              "ManagedBy": "Terraform",
              "Project": "pos-pipeline"
            },
            "unique_id": "AROAQAJAULJAUBH3Y2ZUW"
          },
          "sensitive_attributes": [],
          "identity_schema_version": 0,
          "private": "bnVsbA==",
          "dependencies": [
            "module.compute.data.aws_iam_policy_document.assume_role"
          ]
        }
      ]
    },
    {
      "module": "module.compute[\"pos_extract\"]",
      "mode": "managed",
      "type": "aws_iam_role_policy",
      "name": "additional",
      "provider": "provider[\"registry.terraform.io/hashicorp/aws\"]",
      "instances": [
        {
          "index_key": 0,
          "schema_version": 0,
          "attributes": {
            "id": "pos_extract-dev-role:pos_extract-dev-role-additional-policy",
            "name": "pos_extract-dev-role-additional-policy",
            "name_prefix": "",
            "policy": "{\"Version\":\"2012-10-17\",\"Statement\":[{\"Action\":[\"s3:GetObject\"],\"Effect\":\"Allow\",\"Resource\":[\"arn:aws:s3:::product-upc-mapping/*\"]},{\"Action\":[\"s3:GetObject\",\"s3:PutObject\",\"s3:ListBucket\"],\"Effect\":\"Allow\",\"Resource\":[\"arn:aws:s3:::pos-pipeline-dev-data\",\"arn:aws:s3:::pos-pipeline-dev-data/*\"]},{\"Action\":[\"s3:PutObject\",\"s3:GetObject\",\"s3:ListBucket\"],\"Effect\":\"Allow\",\"Resource\":[\"arn:aws:s3:::pos-raw-email-bucket\",\"arn:aws:s3:::pos-raw-email-bucket/*\",\"arn:aws:s3:::pos-processed-email-bucket\",\"arn:aws:s3:::pos-processed-email-bucket/*\"]}]}",
            "role": "pos_extract-dev-role"
          },
          "sensitive_attributes": [],
          "identity_schema_version": 0,
          "private": "bnVsbA==",
          "dependencies": [
            "module.compute.aws_iam_role.lambda",
            "module.compute.data.aws_iam_policy_document.assume_role"
          ]
        }
      ]
    },
    {
      "module": "module.compute[\"pos_extract\"]",
      "mode": "managed",
      "type": "aws_iam_role_policy_attachment",
      "name": "basic_execution",
      "provider": "provider[\"registry.terraform.io/hashicorp/aws\"]",
      "instances": [
        {
          "index_key": 0,
          "schema_version": 0,
          "attributes": {
            "id": "pos_extract-dev-role-20260325172454045800000001",
            "policy_arn": "arn:aws:iam::aws:policy/service-role/AWSLambdaBasicExecutionRole",
            "role": "pos_extract-dev-role"
          },
          "sensitive_attributes": [],
          "identity_schema_version": 0,
          "private": "bnVsbA==",
          "dependencies": [
            "module.compute.aws_iam_role.lambda",
            "module.compute.data.aws_iam_policy_document.assume_role"
          ]
        }
      ]
    },
    {
      "module": "module.compute[\"pos_extract\"]",
      "mode": "managed",
      "type": "aws_lambda_function",
      "name": "this",
      "provider": "provider[\"registry.terraform.io/hashicorp/aws\"]",
      "instances": [
        {
          "schema_version": 0,
          "attributes": {
            "architectures": [
              "arm64"
            ],
            "arn": "arn:aws:lambda:us-east-1:000605313601:function:pos_extract-dev",
            "code_sha256": "WMN5Wb5bSak6ohSmxek5Bqkqv1hb21A2P/7WoAaS8mo=",
            "code_signing_config_arn": "",
            "dead_letter_config": [],
            "description": "Python Lambda function - pos_extract - dev environment",
            "environment": [
              {
                "variables": {
                  "ENVIRONMENT": "dev",
                  "LOG_LEVEL": "INFO",
                  "RAW_BUCKET_EMAIL": "pos-raw-email-bucket",
                  "VENDOR_CONFIG": "{\"qt\":{\"keywords\":[\"qt\",\"quiktrip\"],\"file_filter\":[\"pos\"],\"missing\":{\"EQ Units\":[\"3.67\"],\"Store\":[\"QT\"]}},\"buc-ees\":{\"keywords\":[\"buc\",\"buc-ees\",\"bucees\"],\"subject_filter\":[\"sesh weekly report\"],\"file_filter\":[\"sesh weekly report\"],\"missing\":{\"Store\":[\"Buc-ee's\"]}},\"nielsen\":{\"keywords\":[\"nielsen\",\"niq\",\"rms\"],\"file_filter\":[\"pos\"]}}"
                }
              }
            ],
            "ephemeral_storage": [
              {
                "size": 512
              }
            ],
            "file_system_config": [],
            "filename": "./.builds/pos_extract.zip",
            "function_name": "pos_extract-dev",
            "handler": "index.handler",
            "id": "pos_extract-dev",
            "image_config": [],
            "image_uri": "",
            "invoke_arn": "arn:aws:apigateway:us-east-1:lambda:path/2015-03-31/functions/arn:aws:lambda:us-east-1:000605313601:function:pos_extract-dev/invocations",
            "kms_key_arn": "",
            "last_modified": "2026-03-25T18:09:53.000+0000",
            "layers": [
              "arn:aws:lambda:us-east-1:336392948345:layer:AWSSDKPandas-Python312-Arm64:17"
            ],
            "logging_config": [
              {
                "application_log_level": "",
                "log_format": "Text",
                "log_group": "/aws/lambda/pos_extract-dev",
                "system_log_level": ""
              }
            ],
            "memory_size": 256,
            "package_type": "Zip",
            "publish": true,
            "qualified_arn": "arn:aws:lambda:us-east-1:000605313601:function:pos_extract-dev:2",
            "qualified_invoke_arn": "arn:aws:apigateway:us-east-1:lambda:path/2015-03-31/functions/arn:aws:lambda:us-east-1:000605313601:function:pos_extract-dev:2/invocations",
            "replace_security_groups_on_destroy": null,
            "replacement_security_group_ids": null,
            "reserved_concurrent_executions": -1,
            "role": "arn:aws:iam::000605313601:role/pos_extract-dev-role",
            "runtime": "python3.12",
            "s3_bucket": null,
            "s3_key": null,
            "s3_object_version": null,
            "signing_job_arn": "",
            "signing_profile_version_arn": "",
            "skip_destroy": false,
            "snap_start": [],
            "source_code_hash": "WMN5Wb5bSak6ohSmxek5Bqkqv1hb21A2P/7WoAaS8mo=",
            "source_code_size": 1543,
            "tags": {
              "Environment": "dev",
              "Project": "pos-pipeline"
            },
            "tags_all": {
              "Environment": "dev",
              "ManagedBy": "Terraform",
              "Project": "pos-pipeline"
            },
            "timeout": 120,
            "timeouts": null,
            "tracing_config": [
              {
                "mode": "PassThrough"
              }
            ],
            "version": "2",
            "vpc_config": []
          },
          "sensitive_attributes": [],
          "identity_schema_version": 0,
          "private": "eyJlMmJmYjczMC1lY2FhLTExZTYtOGY4OC0zNDM2M2JjN2M0YzAiOnsiY3JlYXRlIjo2MDAwMDAwMDAwMDAsImRlbGV0ZSI6NjAwMDAwMDAwMDAwLCJ1cGRhdGUiOjYwMDAwMDAwMDAwMH19",
          "dependencies": [
            "data.archive_file.lambda_zips",
            "module.compute.aws_cloudwatch_log_group.lambda",
            "module.compute.aws_iam_role.lambda",
            "module.compute.aws_iam_role_policy_attachment.basic_execution",
            "module.compute.data.aws_iam_policy_document.assume_role"
          ]
        }
      ]
    },
    {
      "module": "module.compute[\"pos_transform\"]",
      "mode": "data",
      "type": "aws_iam_policy_document",
      "name": "assume_role",
      "provider": "provider[\"registry.terraform.io/hashicorp/aws\"]",
      "instances": [
        {
          "index_key": 0,
          "schema_version": 0,
          "attributes": {
            "id": "2690255455",
            "json": "{\n  \"Version\": \"2012-10-17\",\n  \"Statement\": [\n    {\n      \"Effect\": \"Allow\",\n      \"Action\": \"sts:AssumeRole\",\n      \"Principal\": {\n        \"Service\": \"lambda.amazonaws.com\"\n      }\n    }\n  ]\n}",
            "minified_json": "{\"Version\":\"2012-10-17\",\"Statement\":[{\"Effect\":\"Allow\",\"Action\":\"sts:AssumeRole\",\"Principal\":{\"Service\":\"lambda.amazonaws.com\"}}]}",
            "override_json": null,
            "override_policy_documents": null,
            "policy_id": null,
            "source_json": null,
            "source_policy_documents": null,
            "statement": [
              {
                "actions": [
                  "sts:AssumeRole"
                ],
                "condition": [],
                "effect": "Allow",
                "not_actions": [],
                "not_principals": [],
                "not_resources": [],
                "principals": [
                  {
                    "identifiers": [
                      "lambda.amazonaws.com"
                    ],
                    "type": "Service"
                  }
                ],
                "resources": [],
                "sid": ""
              }
            ],
            "version": "2012-10-17"
          },
          "sensitive_attributes": [],
          "identity_schema_version": 0
        }
      ]
    },
    {
      "module": "module.compute[\"pos_transform\"]",
      "mode": "managed",
      "type": "aws_cloudwatch_log_group",
      "name": "lambda",
      "provider": "provider[\"registry.terraform.io/hashicorp/aws\"]",
      "instances": [
        {
          "schema_version": 0,
          "attributes": {
            "arn": "arn:aws:logs:us-east-1:000605313601:log-group:/aws/lambda/pos_transform-dev",
            "id": "/aws/lambda/pos_transform-dev",
            "kms_key_id": "",
            "log_group_class": "STANDARD",
            "name": "/aws/lambda/pos_transform-dev",
            "name_prefix": "",
            "retention_in_days": 14,
            "skip_destroy": false,
            "tags": {
              "Environment": "dev",
              "Project": "pos-pipeline"
            },
            "tags_all": {
              "Environment": "dev",
              "ManagedBy": "Terraform",
              "Project": "pos-pipeline"
            }
          },
          "sensitive_attributes": [],
          "identity_schema_version": 0,
          "private": "bnVsbA=="
        }
      ]
    },
    {
      "module": "module.compute[\"pos_transform\"]",
      "mode": "managed",
      "type": "aws_iam_role",
      "name": "lambda",
      "provider": "provider[\"registry.terraform.io/hashicorp/aws\"]",
      "instances": [
        {
          "index_key": 0,
          "schema_version": 0,
          "attributes": {
            "arn": "arn:aws:iam::000605313601:role/pos_transform-dev-role",
            "assume_role_policy": "{\"Statement\":[{\"Action\":\"sts:AssumeRole\",\"Effect\":\"Allow\",\"Principal\":{\"Service\":\"lambda.amazonaws.com\"}}],\"Version\":\"2012-10-17\"}",
            "create_date": "2026-03-25T17:24:53Z",
            "description": "",
            "force_detach_policies": false,
            "id": "pos_transform-dev-role",
            "inline_policy": [
              {
                "name": "pos_transform-dev-role-additional-policy",
                "policy": "{\"Version\":\"2012-10-17\",\"Statement\":[{\"Action\":[\"s3:GetObject\"],\"Effect\":\"Allow\",\"Resource\":[\"arn:aws:s3:::product-upc-mapping/*\"]},{\"Action\":[\"s3:GetObject\",\"s3:PutObject\",\"s3:ListBucket\"],\"Effect\":\"Allow\",\"Resource\":[\"arn:aws:s3:::pos-pipeline-dev-data\",\"arn:aws:s3:::pos-pipeline-dev-data/*\"]},{\"Action\":[\"s3:PutObject\",\"s3:GetObject\",\"s3:ListBucket\"],\"Effect\":\"Allow\",\"Resource\":[\"arn:aws:s3:::pos-raw-email-bucket\",\"arn:aws:s3:::pos-raw-email-bucket/*\",\"arn:aws:s3:::pos-processed-email-bucket\",\"arn:aws:s3:::pos-processed-email-bucket/*\"]}]}"
              }
            ],
            "managed_policy_arns": [
              "arn:aws:iam::aws:policy/service-role/AWSLambdaBasicExecutionRole"
            ],
            "max_session_duration": 3600,
            "name": "pos_transform-dev-role",
            "name_prefix": "",
            "path": "/",
            "permissions_boundary": "",
            "tags": {
              "Environment": "dev",
              "Project": "pos-pipeline"
            },
            "tags_all": {
              "Environment": "dev",
              "ManagedBy": "Terraform",
              "Project": "pos-pipeline"
            },
            "unique_id": "AROAQAJAULJAVRWNMSRWX"
          },
          "sensitive_attributes": [],
          "identity_schema_version": 0,
          "private": "bnVsbA==",
          "dependencies": [
            "module.compute.data.aws_iam_policy_document.assume_role"
          ]
        }
      ]
    },
    {
      "module": "module.compute[\"pos_transform\"]",
      "mode": "managed",
      "type": "aws_iam_role_policy",
      "name": "additional",
      "provider": "provider[\"registry.terraform.io/hashicorp/aws\"]",
      "instances": [
        {
          "index_key": 0,
          "schema_version": 0,
          "attributes": {
            "id": "pos_transform-dev-role:pos_transform-dev-role-additional-policy",
            "name": "pos_transform-dev-role-additional-policy",
            "name_prefix": "",
            "policy": "{\"Version\":\"2012-10-17\",\"Statement\":[{\"Action\":[\"s3:GetObject\"],\"Effect\":\"Allow\",\"Resource\":[\"arn:aws:s3:::product-upc-mapping/*\"]},{\"Action\":[\"s3:GetObject\",\"s3:PutObject\",\"s3:ListBucket\"],\"Effect\":\"Allow\",\"Resource\":[\"arn:aws:s3:::pos-pipeline-dev-data\",\"arn:aws:s3:::pos-pipeline-dev-data/*\"]},{\"Action\":[\"s3:PutObject\",\"s3:GetObject\",\"s3:ListBucket\"],\"Effect\":\"Allow\",\"Resource\":[\"arn:aws:s3:::pos-raw-email-bucket\",\"arn:aws:s3:::pos-raw-email-bucket/*\",\"arn:aws:s3:::pos-processed-email-bucket\",\"arn:aws:s3:::pos-processed-email-bucket/*\"]}]}",
            "role": "pos_transform-dev-role"
          },
          "sensitive_attributes": [],
          "identity_schema_version": 0,
          "private": "bnVsbA==",
          "dependencies": [
            "module.compute.aws_iam_role.lambda",
            "module.compute.data.aws_iam_policy_document.assume_role"
          ]
        }
      ]
    },
    {
      "module": "module.compute[\"pos_transform\"]",
      "mode": "managed",
      "type": "aws_iam_role_policy_attachment",
      "name": "basic_execution",
      "provider": "provider[\"registry.terraform.io/hashicorp/aws\"]",
      "instances": [
        {
          "index_key": 0,
          "schema_version": 0,
          "attributes": {
            "id": "pos_transform-dev-role-20260325172454182300000002",
            "policy_arn": "arn:aws:iam::aws:policy/service-role/AWSLambdaBasicExecutionRole",
            "role": "pos_transform-dev-role"
          },
          "sensitive_attributes": [],
          "identity_schema_version": 0,
          "private": "bnVsbA==",
          "dependencies": [
            "module.compute.aws_iam_role.lambda",
            "module.compute.data.aws_iam_policy_document.assume_role"
          ]
        }
      ]
    },
    {
      "module": "module.compute[\"pos_transform\"]",
      "mode": "managed",
      "type": "aws_lambda_function",
      "name": "this",
      "provider": "provider[\"registry.terraform.io/hashicorp/aws\"]",
      "instances": [
        {
          "schema_version": 0,
          "attributes": {
            "architectures": [
              "arm64"
            ],
            "arn": "arn:aws:lambda:us-east-1:000605313601:function:pos_transform-dev",
            "code_sha256": "OPQKhCgn9PJAU5rJW4YxAWNyo8HwrcoiFJuE2QIAVlE=",
            "code_signing_config_arn": "",
            "dead_letter_config": [],
            "description": "Python Lambda function - pos_transform - dev environment",
            "environment": [
              {
                "variables": {
                  "COLUMN_CONFIG": "{\"buc-ees\":{\"Trans_date\":\"Week Label\",\"Store_Code\":\"Store_Code\",\"Store_Name\":\"Store_Name\",\"Product\":\"Item\",\"EQ_Units\":\"Sale\",\"Product UPC\":\"UPC\"},\"qt\":{\"Trans_date\":\"Trans Date\",\"Store_Code\":\"Store No\",\"Address\":\"Address\",\"City\":\"City\",\"County\":\"County\",\"State\":\"State\",\"Postal_Code\":\"Postal Code\",\"Product UPC\":\"Vendor Item #\",\"Product\":\"Item Description\",\"Sales\":\"Total Sales Dollars\"},\"nielsen\":{\"Trans_date\":\"Date\",\"Product UPC\":\"UPC\",\"Product\":\"Product Description\",\"Sales\":\"Total $ Sales\",\"EQ_Units\":\"Total EQ Unit Sales\",\"Store_Name\":\"Markets\"}}",
                  "ENVIRONMENT": "dev",
                  "LOG_LEVEL": "INFO",
                  "TRANSFORMED_BUCKET": "pos-processed-email-bucket",
                  "VENDOR_CONFIG": "{\"qt\":{\"keywords\":[\"qt\",\"quiktrip\"],\"file_filter\":[\"pos\"],\"missing\":{\"EQ Units\":[\"3.67\"],\"Store\":[\"QT\"]}},\"buc-ees\":{\"keywords\":[\"buc\",\"buc-ees\",\"bucees\"],\"subject_filter\":[\"sesh weekly report\"],\"file_filter\":[\"sesh weekly report\"],\"missing\":{\"Store\":[\"Buc-ee's\"]}},\"nielsen\":{\"keywords\":[\"nielsen\",\"niq\",\"rms\"],\"file_filter\":[\"pos\"]}}"
                }
              }
            ],
            "ephemeral_storage": [
              {
                "size": 512
              }
            ],
            "file_system_config": [],
            "filename": "./.builds/pos_transform.zip",
            "function_name": "pos_transform-dev",
            "handler": "index.handler",
            "id": "pos_transform-dev",
            "image_config": [],
            "image_uri": "",
            "invoke_arn": "arn:aws:apigateway:us-east-1:lambda:path/2015-03-31/functions/arn:aws:lambda:us-east-1:000605313601:function:pos_transform-dev/invocations",
            "kms_key_arn": "",
            "last_modified": "2026-03-25T20:41:39.000+0000",
            "layers": [
              "arn:aws:lambda:us-east-1:336392948345:layer:AWSSDKPandas-Python312-Arm64:17"
            ],
            "logging_config": [
              {
                "application_log_level": "",
                "log_format": "Text",
                "log_group": "/aws/lambda/pos_transform-dev",
                "system_log_level": ""
              }
            ],
            "memory_size": 256,
            "package_type": "Zip",
            "publish": true,
            "qualified_arn": "arn:aws:lambda:us-east-1:000605313601:function:pos_transform-dev:6",
            "qualified_invoke_arn": "arn:aws:apigateway:us-east-1:lambda:path/2015-03-31/functions/arn:aws:lambda:us-east-1:000605313601:function:pos_transform-dev:6/invocations",
            "replace_security_groups_on_destroy": null,
            "replacement_security_group_ids": null,
            "reserved_concurrent_executions": -1,
            "role": "arn:aws:iam::000605313601:role/pos_transform-dev-role",
            "runtime": "python3.12",
            "s3_bucket": null,
            "s3_key": null,
            "s3_object_version": null,
            "signing_job_arn": "",
            "signing_profile_version_arn": "",
            "skip_destroy": false,
            "snap_start": [],
            "source_code_hash": "OPQKhCgn9PJAU5rJW4YxAWNyo8HwrcoiFJuE2QIAVlE=",
            "source_code_size": 4958,
            "tags": {
              "Environment": "dev",
              "Project": "pos-pipeline"
            },
            "tags_all": {
              "Environment": "dev",
              "ManagedBy": "Terraform",
              "Project": "pos-pipeline"
            },
            "timeout": 120,
            "timeouts": null,
            "tracing_config": [
              {
                "mode": "PassThrough"
              }
            ],
            "version": "6",
            "vpc_config": []
          },
          "sensitive_attributes": [],
          "identity_schema_version": 0,
          "private": "eyJlMmJmYjczMC1lY2FhLTExZTYtOGY4OC0zNDM2M2JjN2M0YzAiOnsiY3JlYXRlIjo2MDAwMDAwMDAwMDAsImRlbGV0ZSI6NjAwMDAwMDAwMDAwLCJ1cGRhdGUiOjYwMDAwMDAwMDAwMH19",
          "dependencies": [
            "data.archive_file.lambda_zips",
            "module.compute.aws_cloudwatch_log_group.lambda",
            "module.compute.aws_iam_role.lambda",
            "module.compute.aws_iam_role_policy_attachment.basic_execution",
            "module.compute.data.aws_iam_policy_document.assume_role"
          ]
        }
      ]
    },
    {
      "module": "module.compute[\"pos_transform\"]",
      "mode": "managed",
      "type": "aws_lambda_permission",
      "name": "this",
      "provider": "provider[\"registry.terraform.io/hashicorp/aws\"]",
      "instances": [
        {
          "index_key": "S3RawBucket",
          "schema_version": 0,
          "attributes": {
            "action": "lambda:InvokeFunction",
            "event_source_token": null,
            "function_name": "pos_transform-dev",
            "function_url_auth_type": null,
            "id": "AllowS3RawBucket",
            "principal": "s3.amazonaws.com",
            "principal_org_id": null,
            "qualifier": "",
            "source_account": null,
            "source_arn": "arn:aws:s3:::pos-raw-email-bucket",
            "statement_id": "AllowS3RawBucket",
            "statement_id_prefix": ""
          },
          "sensitive_attributes": [],
          "identity_schema_version": 0,
          "private": "bnVsbA==",
          "dependencies": [
            "data.archive_file.lambda_zips",
            "module.compute.aws_cloudwatch_log_group.lambda",
            "module.compute.aws_iam_role.lambda",
            "module.compute.aws_iam_role_policy_attachment.basic_execution",
            "module.compute.aws_lambda_alias.this",
            "module.compute.aws_lambda_function.this",
            "module.compute.data.aws_iam_policy_document.assume_role"
          ]
        }
      ]
    },
    {
      "module": "module.ec2[\"nielsen_playwright\"]",
      "mode": "data",
      "type": "aws_ami",
      "name": "amazon_linux_arm",
      "provider": "provider[\"registry.terraform.io/hashicorp/aws\"]",
      "instances": [
        {
          "index_key": 0,
          "schema_version": 0,
          "attributes": {
            "architecture": "arm64",
            "arn": "arn:aws:ec2:us-east-1::image/ami-05a7b38faa8424a7d",
            "block_device_mappings": [
              {
                "device_name": "/dev/xvda",
                "ebs": {
                  "delete_on_termination": "true",
                  "encrypted": "false",
                  "iops": "3000",
                  "snapshot_id": "snap-0bd9a30f6c881fc7e",
                  "throughput": "125",
                  "volume_initialization_rate": "0",
                  "volume_size": "30",
                  "volume_type": "gp3"
                },
                "no_device": "",
                "virtual_name": ""
              }
            ],
            "boot_mode": "uefi",
            "creation_date": "2026-03-23T21:49:36.000Z",
            "deprecation_time": "2028-03-23T21:49:36.000Z",
            "description": "Amazon Linux AMI 2023.0.20260323 arm64 ECS HVM EBS",
            "ena_support": true,
            "executable_users": null,
            "filter": [
              {
                "name": "architecture",
                "values": [
                  "arm64"
                ]
              },
              {
                "name": "name",
                "values": [
                  "al2023-ami-*-arm64"
                ]
              }
            ],
            "hypervisor": "xen",
            "id": "ami-05a7b38faa8424a7d",
            "image_id": "ami-05a7b38faa8424a7d",
            "image_location": "amazon/al2023-ami-ecs-hvm-2023.0.20260323-kernel-6.1-arm64",
            "image_owner_alias": "amazon",
            "image_type": "machine",
            "imds_support": "v2.0",
            "include_deprecated": false,
            "kernel_id": "",
            "last_launched_time": "",
            "most_recent": true,
            "name": "al2023-ami-ecs-hvm-2023.0.20260323-kernel-6.1-arm64",
            "name_regex": null,
            "owner_id": "591542846629",
            "owners": [
              "amazon"
            ],
            "platform": "",
            "platform_details": "Linux/UNIX",
            "product_codes": [],
            "public": true,
            "ramdisk_id": "",
            "root_device_name": "/dev/xvda",
            "root_device_type": "ebs",
            "root_snapshot_id": "snap-0bd9a30f6c881fc7e",
            "sriov_net_support": "simple",
            "state": "available",
            "state_reason": {
              "code": "UNSET",
              "message": "UNSET"
            },
            "tags": {},
            "timeouts": null,
            "tpm_support": "",
            "uefi_data": null,
            "usage_operation": "RunInstances",
            "virtualization_type": "hvm"
          },
          "sensitive_attributes": [],
          "identity_schema_version": 0
        }
      ]
    },
    {
      "module": "module.ec2[\"nielsen_playwright\"]",
      "mode": "managed",
      "type": "aws_iam_instance_profile",
      "name": "ec2",
      "provider": "provider[\"registry.terraform.io/hashicorp/aws\"]",
      "instances": [
        {
          "schema_version": 0,
          "attributes": {
            "arn": "arn:aws:iam::000605313601:instance-profile/nielsen-playwright-dev-profile",
            "create_date": "2026-03-24T23:40:51Z",
            "id": "nielsen-playwright-dev-profile",
            "name": "nielsen-playwright-dev-profile",
            "name_prefix": "",
            "path": "/",
            "role": "nielsen-playwright-dev-role",
            "tags": {},
            "tags_all": {
              "Environment": "dev",
              "ManagedBy": "Terraform"
            },
            "unique_id": "AIPAQAJAULJATPG5F5EBJ"
          },
          "sensitive_attributes": [],
          "identity_schema_version": 0,
          "private": "bnVsbA==",
          "dependencies": [
            "module.ec2.aws_iam_role.ec2"
          ]
        }
      ]
    },
    {
      "module": "module.ec2[\"nielsen_playwright\"]",
      "mode": "managed",
      "type": "aws_iam_role",
      "name": "ec2",
      "provider": "provider[\"registry.terraform.io/hashicorp/aws\"]",
      "instances": [
        {
          "schema_version": 0,
          "attributes": {
            "arn": "arn:aws:iam::000605313601:role/nielsen-playwright-dev-role",
            "assume_role_policy": "{\"Statement\":[{\"Action\":\"sts:AssumeRole\",\"Effect\":\"Allow\",\"Principal\":{\"Service\":\"ec2.amazonaws.com\"}}],\"Version\":\"2012-10-17\"}",
            "create_date": "2026-03-24T23:40:50Z",
            "description": "",
            "force_detach_policies": false,
            "id": "nielsen-playwright-dev-role",
            "inline_policy": [
              {
                "name": "nielsen-playwright-dev-additional-policy",
                "policy": "{\"Version\":\"2012-10-17\",\"Statement\":[{\"Action\":[\"s3:PutObject\",\"s3:GetObject\",\"s3:ListBucket\"],\"Effect\":\"Allow\",\"Resource\":[\"arn:aws:s3:::pos-raw-email-bucket\",\"arn:aws:s3:::pos-raw-email-bucket/*\"]}]}"
              },
              {
                "name": "nielsen-playwright-dev-s3-policy",
                "policy": "{\"Version\":\"2012-10-17\",\"Statement\":[{\"Action\":[\"s3:GetObject\",\"s3:PutObject\",\"s3:ListBucket\"],\"Effect\":\"Allow\",\"Resource\":[\"arn:aws:s3:::pos-raw-email-bucket\",\"arn:aws:s3:::pos-raw-email-bucket/*\"]}]}"
              }
            ],
            "managed_policy_arns": [
              "arn:aws:iam::aws:policy/AmazonSSMManagedInstanceCore"
            ],
            "max_session_duration": 3600,
            "name": "nielsen-playwright-dev-role",
            "name_prefix": "",
            "path": "/",
            "permissions_boundary": "",
            "tags": {
              "Environment": "dev",
              "Project": "pos-pipeline"
            },
            "tags_all": {
              "Environment": "dev",
              "ManagedBy": "Terraform",
              "Project": "pos-pipeline"
            },
            "unique_id": "AROAQAJAULJAYVS657N2P"
          },
          "sensitive_attributes": [],
          "identity_schema_version": 0,
          "private": "bnVsbA=="
        }
      ]
    },
    {
      "module": "module.ec2[\"nielsen_playwright\"]",
      "mode": "managed",
      "type": "aws_iam_role_policy",
      "name": "additional",
      "provider": "provider[\"registry.terraform.io/hashicorp/aws\"]",
      "instances": [
        {
          "index_key": 0,
          "schema_version": 0,
          "attributes": {
            "id": "nielsen-playwright-dev-role:nielsen-playwright-dev-additional-policy",
            "name": "nielsen-playwright-dev-additional-policy",
            "name_prefix": "",
            "policy": "{\"Version\":\"2012-10-17\",\"Statement\":[{\"Action\":[\"s3:PutObject\",\"s3:GetObject\",\"s3:ListBucket\"],\"Effect\":\"Allow\",\"Resource\":[\"arn:aws:s3:::pos-raw-email-bucket\",\"arn:aws:s3:::pos-raw-email-bucket/*\"]}]}",
            "role": "nielsen-playwright-dev-role"
          },
          "sensitive_attributes": [],
          "identity_schema_version": 0,
          "private": "bnVsbA==",
          "dependencies": [
            "module.ec2.aws_iam_role.ec2"
          ]
        }
      ]
    },
    {
      "module": "module.ec2[\"nielsen_playwright\"]",
      "mode": "managed",
      "type": "aws_iam_role_policy",
      "name": "s3",
      "provider": "provider[\"registry.terraform.io/hashicorp/aws\"]",
      "instances": [
        {
          "schema_version": 0,
          "attributes": {
            "id": "nielsen-playwright-dev-role:nielsen-playwright-dev-s3-policy",
            "name": "nielsen-playwright-dev-s3-policy",
            "name_prefix": "",
            "policy": "{\"Version\":\"2012-10-17\",\"Statement\":[{\"Action\":[\"s3:GetObject\",\"s3:PutObject\",\"s3:ListBucket\"],\"Effect\":\"Allow\",\"Resource\":[\"arn:aws:s3:::pos-raw-email-bucket\",\"arn:aws:s3:::pos-raw-email-bucket/*\"]}]}",
            "role": "nielsen-playwright-dev-role"
          },
          "sensitive_attributes": [],
          "identity_schema_version": 0,
          "private": "bnVsbA==",
          "dependencies": [
            "module.ec2.aws_iam_role.ec2"
          ]
        }
      ]
    },
    {
      "module": "module.ec2[\"nielsen_playwright\"]",
      "mode": "managed",
      "type": "aws_iam_role_policy_attachment",
      "name": "ssm",
      "provider": "provider[\"registry.terraform.io/hashicorp/aws\"]",
      "instances": [
        {
          "schema_version": 0,
          "attributes": {
            "id": "nielsen-playwright-dev-role-20260324234050862400000001",
            "policy_arn": "arn:aws:iam::aws:policy/AmazonSSMManagedInstanceCore",
            "role": "nielsen-playwright-dev-role"
          },
          "sensitive_attributes": [],
          "identity_schema_version": 0,
          "private": "bnVsbA==",
          "dependencies": [
            "module.ec2.aws_iam_role.ec2"
          ]
        }
      ]
    },
    {
      "module": "module.ec2[\"nielsen_playwright\"]",
      "mode": "managed",
      "type": "aws_instance",
      "name": "this",
      "provider": "provider[\"registry.terraform.io/hashicorp/aws\"]",
      "instances": [
        {
          "schema_version": 1,
          "attributes": {
            "ami": "ami-05a7b38faa8424a7d",
            "arn": "arn:aws:ec2:us-east-1:000605313601:instance/i-0753a9b35c7deb533",
            "associate_public_ip_address": true,
            "availability_zone": "us-east-1c",
            "capacity_reservation_specification": [
              {
                "capacity_reservation_preference": "open",
                "capacity_reservation_target": []
              }
            ],
            "cpu_core_count": 2,
            "cpu_options": [
              {
                "amd_sev_snp": "",
                "core_count": 2,
                "threads_per_core": 1
              }
            ],
            "cpu_threads_per_core": 1,
            "credit_specification": [
              {
                "cpu_credits": "unlimited"
              }
            ],
            "disable_api_stop": false,
            "disable_api_termination": false,
            "ebs_block_device": [],
            "ebs_optimized": false,
            "enable_primary_ipv6": null,
            "enclave_options": [
              {
                "enabled": false
              }
            ],
            "ephemeral_block_device": [],
            "get_password_data": false,
            "hibernation": false,
            "host_id": "",
            "host_resource_group_arn": null,
            "iam_instance_profile": "nielsen-playwright-dev-profile",
            "id": "i-0753a9b35c7deb533",
            "instance_initiated_shutdown_behavior": "stop",
            "instance_lifecycle": "",
            "instance_market_options": [],
            "instance_state": "running",
            "instance_type": "t4g.small",
            "ipv6_address_count": 0,
            "ipv6_addresses": [],
            "key_name": "",
            "launch_template": [],
            "maintenance_options": [
              {
                "auto_recovery": "default"
              }
            ],
            "metadata_options": [
              {
                "http_endpoint": "enabled",
                "http_protocol_ipv6": "disabled",
                "http_put_response_hop_limit": 2,
                "http_tokens": "required",
                "instance_metadata_tags": "disabled"
              }
            ],
            "monitoring": false,
            "network_interface": [],
            "outpost_arn": "",
            "password_data": "",
            "placement_group": "",
            "placement_partition_number": 0,
            "primary_network_interface_id": "eni-0ac71d3583c5dfb22",
            "private_dns": "ip-172-31-23-197.ec2.internal",
            "private_dns_name_options": [
              {
                "enable_resource_name_dns_a_record": false,
                "enable_resource_name_dns_aaaa_record": false,
                "hostname_type": "ip-name"
              }
            ],
            "private_ip": "172.31.23.197",
            "public_dns": "ec2-54-166-229-41.compute-1.amazonaws.com",
            "public_ip": "54.166.229.41",
            "root_block_device": [
              {
                "delete_on_termination": true,
                "device_name": "/dev/xvda",
                "encrypted": false,
                "iops": 3000,
                "kms_key_id": "",
                "tags": {
                  "Environment": "dev",
                  "ManagedBy": "Terraform"
                },
                "tags_all": {
                  "Environment": "dev",
                  "ManagedBy": "Terraform"
                },
                "throughput": 125,
                "volume_id": "vol-00b76003dc62b70cb",
                "volume_size": 30,
                "volume_type": "gp3"
              }
            ],
            "secondary_private_ips": [],
            "security_groups": [
              "default"
            ],
            "source_dest_check": true,
            "spot_instance_request_id": "",
            "subnet_id": "subnet-001ab4e3fd7d509df",
            "tags": {
              "Environment": "dev",
              "Name": "nielsen-playwright-dev",
              "Project": "pos-pipeline"
            },
            "tags_all": {
              "Environment": "dev",
              "ManagedBy": "Terraform",
              "Name": "nielsen-playwright-dev",
              "Project": "pos-pipeline"
            },
            "tenancy": "default",
            "timeouts": null,
            "user_data": "2d84050445aa93f53d5225c98b7407574b3923bf",
            "user_data_base64": null,
            "user_data_replace_on_change": false,
            "volume_tags": null,
            "vpc_security_group_ids": [
              "sg-0412ae541f168fc5e"
            ]
          },
          "sensitive_attributes": [],
          "identity_schema_version": 0,
          "private": "eyJlMmJmYjczMC1lY2FhLTExZTYtOGY4OC0zNDM2M2JjN2M0YzAiOnsiY3JlYXRlIjo2MDAwMDAwMDAwMDAsImRlbGV0ZSI6MTIwMDAwMDAwMDAwMCwicmVhZCI6OTAwMDAwMDAwMDAwLCJ1cGRhdGUiOjYwMDAwMDAwMDAwMH0sInNjaGVtYV92ZXJzaW9uIjoiMSJ9",
          "dependencies": [
            "module.ec2.aws_iam_instance_profile.ec2",
            "module.ec2.aws_iam_role.ec2",
            "module.ec2.data.aws_ami.amazon_linux_arm"
          ]
        }
      ]
    },
    {
      "module": "module.secrets[\"snowflake_credentials\"]",
      "mode": "managed",
      "type": "aws_secretsmanager_secret",
      "name": "this",
      "provider": "provider[\"registry.terraform.io/hashicorp/aws\"]",
      "instances": [
        {
          "schema_version": 0,
          "attributes": {
            "arn": "arn:aws:secretsmanager:us-east-1:000605313601:secret:snowflake/pos-pipeline/dev/credentials-VvMHre",
            "description": "Snowflake credentials for pos-pipeline",
            "force_overwrite_replica_secret": false,
            "id": "arn:aws:secretsmanager:us-east-1:000605313601:secret:snowflake/pos-pipeline/dev/credentials-VvMHre",
            "kms_key_id": "",
            "name": "snowflake/pos-pipeline/dev/credentials",
            "name_prefix": "",
            "policy": "",
            "recovery_window_in_days": 0,
            "replica": [],
            "tags": {
              "Environment": "dev",
              "Project": "pos-pipeline"
            },
            "tags_all": {
              "Environment": "dev",
              "ManagedBy": "Terraform",
              "Project": "pos-pipeline"
            }
          },
          "sensitive_attributes": [],
          "identity_schema_version": 0,
          "private": "bnVsbA=="
        }
      ]
    },
    {
      "module": "module.secrets[\"snowflake_credentials\"]",
      "mode": "managed",
      "type": "aws_secretsmanager_secret_version",
      "name": "this",
      "provider": "provider[\"registry.terraform.io/hashicorp/aws\"]",
      "instances": [
        {
          "index_key": 0,
          "schema_version": 0,
          "attributes": {
            "arn": "arn:aws:secretsmanager:us-east-1:000605313601:secret:snowflake/pos-pipeline/dev/credentials-VvMHre",
            "has_secret_string_wo": null,
            "id": "arn:aws:secretsmanager:us-east-1:000605313601:secret:snowflake/pos-pipeline/dev/credentials-VvMHre|terraform-20260323171844311600000003",
            "secret_binary": "",
            "secret_id": "arn:aws:secretsmanager:us-east-1:000605313601:secret:snowflake/pos-pipeline/dev/credentials-VvMHre",
            "secret_string": "{\"organization\":\"JNPMQNX\",\"account\":\"VI43165\",\"username\":\"JACKIE\"}",
            "secret_string_wo": null,
            "secret_string_wo_version": null,
            "version_id": "terraform-20260323171844311600000003",
            "version_stages": []
          },
          "sensitive_attributes": [
            [
              {
                "type": "get_attr",
                "value": "secret_binary"
              }
            ],
            [
              {
                "type": "get_attr",
                "value": "secret_string"
              }
            ],
            [
              {
                "type": "get_attr",
                "value": "secret_string_wo"
              }
            ]
          ],
          "identity_schema_version": 0,
          "private": "bnVsbA==",
          "dependencies": [
            "module.secrets.aws_secretsmanager_secret.this"
          ]
        }
      ]
    },
    {
      "module": "module.secrets[\"snowflake_private_key\"]",
      "mode": "managed",
      "type": "aws_secretsmanager_secret",
      "name": "this",
      "provider": "provider[\"registry.terraform.io/hashicorp/aws\"]",
      "instances": [
        {
          "schema_version": 0,
          "attributes": {
            "arn": "arn:aws:secretsmanager:us-east-1:000605313601:secret:snowflake/pos-pipeline/dev/private-key-5237jW",
            "description": "Snowflake RSA private key",
            "force_overwrite_replica_secret": false,
            "id": "arn:aws:secretsmanager:us-east-1:000605313601:secret:snowflake/pos-pipeline/dev/private-key-5237jW",
            "kms_key_id": "",
            "name": "snowflake/pos-pipeline/dev/private-key",
            "name_prefix": "",
            "policy": "",
            "recovery_window_in_days": 0,
            "replica": [],
            "tags": {
              "Environment": "dev",
              "Project": "pos-pipeline"
            },
            "tags_all": {
              "Environment": "dev",
              "ManagedBy": "Terraform",
              "Project": "pos-pipeline"
            }
          },
          "sensitive_attributes": [],
          "identity_schema_version": 0,
          "private": "bnVsbA=="
        }
      ]
    },
    {
      "module": "module.storage[\"s3_bucket_raw\"]",
      "mode": "managed",
      "type": "aws_s3_bucket",
      "name": "this",
      "provider": "provider[\"registry.terraform.io/hashicorp/aws\"]",
      "instances": [
        {
          "schema_version": 0,
          "attributes": {
            "acceleration_status": "",
            "acl": null,
            "arn": "arn:aws:s3:::pos-raw-email-bucket",
            "bucket": "pos-raw-email-bucket",
            "bucket_domain_name": "pos-raw-email-bucket.s3.amazonaws.com",
            "bucket_prefix": "",
            "bucket_regional_domain_name": "pos-raw-email-bucket.s3.us-east-1.amazonaws.com",
            "cors_rule": [],
            "force_destroy": false,
            "grant": [
              {
                "id": "5fcd8ea6a02e5c87db384328860138d3f3cb53460a7cbe7adffbfe6eef7f0f50",
                "permissions": [
                  "FULL_CONTROL"
                ],
                "type": "CanonicalUser",
                "uri": ""
              }
            ],
            "hosted_zone_id": "Z3AQBSTGFYJSTF",
            "id": "pos-raw-email-bucket",
            "lifecycle_rule": [],
            "logging": [],
            "object_lock_configuration": [],
            "object_lock_enabled": false,
            "policy": "",
            "region": "us-east-1",
            "replication_configuration": [],
            "request_payer": "BucketOwner",
            "server_side_encryption_configuration": [
              {
                "rule": [
                  {
                    "apply_server_side_encryption_by_default": [
                      {
                        "kms_master_key_id": "",
                        "sse_algorithm": "AES256"
                      }
                    ],
                    "bucket_key_enabled": false
                  }
                ]
              }
            ],
            "tags": {
              "Environment": "dev",
              "Project": "pos-pipeline"
            },
            "tags_all": {
              "Environment": "dev",
              "ManagedBy": "Terraform",
              "Project": "pos-pipeline"
            },
            "timeouts": null,
            "versioning": [
              {
                "enabled": true,
                "mfa_delete": false
              }
            ],
            "website": [],
            "website_domain": null,
            "website_endpoint": null
          },
          "sensitive_attributes": [],
          "identity_schema_version": 0,
          "private": "eyJlMmJmYjczMC1lY2FhLTExZTYtOGY4OC0zNDM2M2JjN2M0YzAiOnsiY3JlYXRlIjoxMjAwMDAwMDAwMDAwLCJkZWxldGUiOjM2MDAwMDAwMDAwMDAsInJlYWQiOjEyMDAwMDAwMDAwMDAsInVwZGF0ZSI6MTIwMDAwMDAwMDAwMH19",
          "dependencies": [
            "data.archive_file.lambda_zips",
            "module.compute.aws_cloudwatch_log_group.lambda",
            "module.compute.aws_iam_role.lambda",
            "module.compute.aws_iam_role_policy.additional",
            "module.compute.aws_iam_role_policy_attachment.basic_execution",
            "module.compute.aws_iam_role_policy_attachment.vpc_access",
            "module.compute.aws_lambda_alias.this",
            "module.compute.aws_lambda_function.this",
            "module.compute.aws_lambda_function_event_invoke_config.this",
            "module.compute.aws_lambda_function_url.this",
            "module.compute.aws_lambda_permission.this",
            "module.compute.aws_lambda_provisioned_concurrency_config.this",
            "module.compute.data.aws_iam_policy_document.assume_role"
          ]
        }
      ]
    },
    {
      "module": "module.storage[\"s3_bucket_raw\"]",
      "mode": "managed",
      "type": "aws_s3_bucket_notification",
      "name": "this",
      "provider": "provider[\"registry.terraform.io/hashicorp/aws\"]",
      "instances": [
        {
          "index_key": 0,
          "schema_version": 0,
          "attributes": {
            "bucket": "pos-raw-email-bucket",
            "eventbridge": false,
            "id": "pos-raw-email-bucket",
            "lambda_function": [
              {
                "events": [
                  "s3:ObjectCreated:*"
                ],
                "filter_prefix": "pos-files/",
                "filter_suffix": "",
                "id": "pos-transform-trigger",
                "lambda_function_arn": "arn:aws:lambda:us-east-1:000605313601:function:pos_transform-dev"
              }
            ],
            "queue": [],
            "topic": []
          },
          "sensitive_attributes": [],
          "identity_schema_version": 0,
          "private": "bnVsbA==",
          "dependencies": [
            "data.archive_file.lambda_zips",
            "data.aws_secretsmanager_secret_version.snowflake_creds",
            "data.aws_secretsmanager_secret_version.snowflake_key",
            "module.compute.aws_cloudwatch_log_group.lambda",
            "module.compute.aws_iam_role.lambda",
            "module.compute.aws_iam_role_policy.additional",
            "module.compute.aws_iam_role_policy_attachment.basic_execution",
            "module.compute.aws_iam_role_policy_attachment.vpc_access",
            "module.compute.aws_lambda_alias.this",
            "module.compute.aws_lambda_function.this",
            "module.compute.aws_lambda_function_event_invoke_config.this",
            "module.compute.aws_lambda_function_url.this",
            "module.compute.aws_lambda_permission.this",
            "module.compute.aws_lambda_provisioned_concurrency_config.this",
            "module.compute.data.aws_iam_policy_document.assume_role",
            "module.storage.aws_iam_role.snowflake",
            "module.storage.aws_s3_bucket.this",
            "module.storage.snowflake_file_format.csv",
            "module.storage.snowflake_pipe.this",
            "module.storage.snowflake_stage.this",
            "module.storage.snowflake_storage_integration.this",
            "module.storage.terraform_data.snowflake_trust"
          ]
        }
      ]
    },
    {
      "module": "module.storage[\"s3_bucket_raw\"]",
      "mode": "managed",
      "type": "aws_s3_bucket_ownership_controls",
      "name": "this",
      "provider": "provider[\"registry.terraform.io/hashicorp/aws\"]",
      "instances": [
        {
          "schema_version": 0,
          "attributes": {
            "bucket": "pos-raw-email-bucket",
            "id": "pos-raw-email-bucket",
            "rule": [
              {
                "object_ownership": "BucketOwnerEnforced"
              }
            ]
          },
          "sensitive_attributes": [],
          "identity_schema_version": 0,
          "private": "bnVsbA==",
          "dependencies": [
            "data.archive_file.lambda_zips",
            "module.compute.aws_cloudwatch_log_group.lambda",
            "module.compute.aws_iam_role.lambda",
            "module.compute.aws_iam_role_policy.additional",
            "module.compute.aws_iam_role_policy_attachment.basic_execution",
            "module.compute.aws_iam_role_policy_attachment.vpc_access",
            "module.compute.aws_lambda_alias.this",
            "module.compute.aws_lambda_function.this",
            "module.compute.aws_lambda_function_event_invoke_config.this",
            "module.compute.aws_lambda_function_url.this",
            "module.compute.aws_lambda_permission.this",
            "module.compute.aws_lambda_provisioned_concurrency_config.this",
            "module.compute.data.aws_iam_policy_document.assume_role",
            "module.storage.aws_s3_bucket.this"
          ]
        }
      ]
    },
    {
      "module": "module.storage[\"s3_bucket_raw\"]",
      "mode": "managed",
      "type": "aws_s3_bucket_public_access_block",
      "name": "this",
      "provider": "provider[\"registry.terraform.io/hashicorp/aws\"]",
      "instances": [
        {
          "schema_version": 0,
          "attributes": {
            "block_public_acls": true,
            "block_public_policy": true,
            "bucket": "pos-raw-email-bucket",
            "id": "pos-raw-email-bucket",
            "ignore_public_acls": true,
            "restrict_public_buckets": true
          },
          "sensitive_attributes": [],
          "identity_schema_version": 0,
          "private": "bnVsbA==",
          "dependencies": [
            "data.archive_file.lambda_zips",
            "module.compute.aws_cloudwatch_log_group.lambda",
            "module.compute.aws_iam_role.lambda",
            "module.compute.aws_iam_role_policy.additional",
            "module.compute.aws_iam_role_policy_attachment.basic_execution",
            "module.compute.aws_iam_role_policy_attachment.vpc_access",
            "module.compute.aws_lambda_alias.this",
            "module.compute.aws_lambda_function.this",
            "module.compute.aws_lambda_function_event_invoke_config.this",
            "module.compute.aws_lambda_function_url.this",
            "module.compute.aws_lambda_permission.this",
            "module.compute.aws_lambda_provisioned_concurrency_config.this",
            "module.compute.data.aws_iam_policy_document.assume_role",
            "module.storage.aws_s3_bucket.this"
          ]
        }
      ]
    },
    {
      "module": "module.storage[\"s3_bucket_raw\"]",
      "mode": "managed",
      "type": "aws_s3_bucket_server_side_encryption_configuration",
      "name": "this",
      "provider": "provider[\"registry.terraform.io/hashicorp/aws\"]",
      "instances": [
        {
          "schema_version": 0,
          "attributes": {
            "bucket": "pos-raw-email-bucket",
            "expected_bucket_owner": "",
            "id": "pos-raw-email-bucket",
            "rule": [
              {
                "apply_server_side_encryption_by_default": [
                  {
                    "kms_master_key_id": "",
                    "sse_algorithm": "AES256"
                  }
                ],
                "bucket_key_enabled": false
              }
            ]
          },
          "sensitive_attributes": [],
          "identity_schema_version": 0,
          "private": "bnVsbA==",
          "dependencies": [
            "data.archive_file.lambda_zips",
            "module.compute.aws_cloudwatch_log_group.lambda",
            "module.compute.aws_iam_role.lambda",
            "module.compute.aws_iam_role_policy.additional",
            "module.compute.aws_iam_role_policy_attachment.basic_execution",
            "module.compute.aws_iam_role_policy_attachment.vpc_access",
            "module.compute.aws_lambda_alias.this",
            "module.compute.aws_lambda_function.this",
            "module.compute.aws_lambda_function_event_invoke_config.this",
            "module.compute.aws_lambda_function_url.this",
            "module.compute.aws_lambda_permission.this",
            "module.compute.aws_lambda_provisioned_concurrency_config.this",
            "module.compute.data.aws_iam_policy_document.assume_role",
            "module.storage.aws_s3_bucket.this"
          ]
        }
      ]
    },
    {
      "module": "module.storage[\"s3_bucket_raw\"]",
      "mode": "managed",
      "type": "aws_s3_bucket_versioning",
      "name": "this",
      "provider": "provider[\"registry.terraform.io/hashicorp/aws\"]",
      "instances": [
        {
          "index_key": 0,
          "schema_version": 0,
          "attributes": {
            "bucket": "pos-raw-email-bucket",
            "expected_bucket_owner": "",
            "id": "pos-raw-email-bucket",
            "mfa": null,
            "versioning_configuration": [
              {
                "mfa_delete": "Disabled",
                "status": "Enabled"
              }
            ]
          },
          "sensitive_attributes": [],
          "identity_schema_version": 0,
          "private": "bnVsbA==",
          "dependencies": [
            "data.archive_file.lambda_zips",
            "module.compute.aws_cloudwatch_log_group.lambda",
            "module.compute.aws_iam_role.lambda",
            "module.compute.aws_iam_role_policy.additional",
            "module.compute.aws_iam_role_policy_attachment.basic_execution",
            "module.compute.aws_iam_role_policy_attachment.vpc_access",
            "module.compute.aws_lambda_alias.this",
            "module.compute.aws_lambda_function.this",
            "module.compute.aws_lambda_function_event_invoke_config.this",
            "module.compute.aws_lambda_function_url.this",
            "module.compute.aws_lambda_permission.this",
            "module.compute.aws_lambda_provisioned_concurrency_config.this",
            "module.compute.data.aws_iam_policy_document.assume_role",
            "module.storage.aws_s3_bucket.this"
          ]
        }
      ]
    },
    {
      "module": "module.storage[\"s3_bucket_raw\"]",
      "mode": "managed",
      "type": "aws_s3_object",
      "name": "seed_files",
      "provider": "provider[\"registry.terraform.io/hashicorp/aws\"]",
      "instances": [
        {
          "index_key": "nielsen_index",
          "schema_version": 0,
          "attributes": {
            "acl": null,
            "arn": "arn:aws:s3:::pos-raw-email-bucket/ec2-scripts/nielsen/index.py",
            "bucket": "pos-raw-email-bucket",
            "bucket_key_enabled": false,
            "cache_control": "",
            "checksum_algorithm": null,
            "checksum_crc32": "",
            "checksum_crc32c": "",
            "checksum_crc64nvme": "",
            "checksum_sha1": "",
            "checksum_sha256": "",
            "content": null,
            "content_base64": null,
            "content_disposition": "",
            "content_encoding": "",
            "content_language": "",
            "content_type": "text/x-python",
            "etag": "6c6631df14d22d9fcab89dbac929bea2",
            "force_destroy": false,
            "id": "ec2-scripts/nielsen/index.py",
            "key": "ec2-scripts/nielsen/index.py",
            "kms_key_id": null,
            "metadata": {},
            "object_lock_legal_hold_status": "",
            "object_lock_mode": "",
            "object_lock_retain_until_date": "",
            "override_provider": [],
            "server_side_encryption": "AES256",
            "source": "../src/Lambdas/Nielsen-playwright/index.py",
            "source_hash": null,
            "storage_class": "STANDARD",
            "tags": {
              "Environment": "dev",
              "Project": "pos-pipeline"
            },
            "tags_all": {
              "Environment": "dev",
              "ManagedBy": "Terraform",
              "Project": "pos-pipeline"
            },
            "version_id": "JNOp8YKpF1YnmMunPH8716uwaWkNGU.j",
            "website_redirect": ""
          },
          "sensitive_attributes": [],
          "identity_schema_version": 0,
          "private": "bnVsbA==",
          "dependencies": [
            "data.archive_file.lambda_zips",
            "module.compute.aws_cloudwatch_log_group.lambda",
            "module.compute.aws_iam_role.lambda",
            "module.compute.aws_iam_role_policy.additional",
            "module.compute.aws_iam_role_policy_attachment.basic_execution",
            "module.compute.aws_iam_role_policy_attachment.vpc_access",
            "module.compute.aws_lambda_alias.this",
            "module.compute.aws_lambda_function.this",
            "module.compute.aws_lambda_function_event_invoke_config.this",
            "module.compute.aws_lambda_function_url.this",
            "module.compute.aws_lambda_permission.this",
            "module.compute.aws_lambda_provisioned_concurrency_config.this",
            "module.compute.data.aws_iam_policy_document.assume_role",
            "module.storage.aws_s3_bucket.this"
          ]
        }
      ]
    },
    {
      "module": "module.storage[\"s3_bucket_transformed\"]",
      "mode": "managed",
      "type": "aws_iam_role",
      "name": "snowflake",
      "provider": "provider[\"registry.terraform.io/hashicorp/aws\"]",
      "instances": [
        {
          "index_key": 0,
          "schema_version": 0,
          "attributes": {
            "arn": "arn:aws:iam::000605313601:role/snowflake-pos-email-role",
            "assume_role_policy": "{\"Statement\":[{\"Action\":\"sts:AssumeRole\",\"Condition\":{\"StringEquals\":{\"sts:ExternalId\":\"SZ87870_SFCRole=4_WuW1arkOGLbiU+EH574N/K2ATck=\"}},\"Effect\":\"Allow\",\"Principal\":{\"AWS\":\"arn:aws:iam::448049826774:user/bznw0000-s\"}}],\"Version\":\"2012-10-17\"}",
            "create_date": "2026-03-23T18:50:40Z",
            "description": "",
            "force_detach_policies": false,
            "id": "snowflake-pos-email-role",
            "inline_policy": [
              {
                "name": "snowflake-pos-email-role-s3-policy",
                "policy": "{\"Version\":\"2012-10-17\",\"Statement\":[{\"Action\":[\"s3:GetObject\",\"s3:GetObjectVersion\",\"s3:ListBucket\"],\"Effect\":\"Allow\",\"Resource\":[\"arn:aws:s3:::pos-processed-email-bucket\",\"arn:aws:s3:::pos-processed-email-bucket/*\"]}]}"
              }
            ],
            "managed_policy_arns": [],
            "max_session_duration": 3600,
            "name": "snowflake-pos-email-role",
            "name_prefix": "",
            "path": "/",
            "permissions_boundary": "",
            "tags": {
              "Environment": "dev",
              "Project": "pos-pipeline"
            },
            "tags_all": {
              "Environment": "dev",
              "ManagedBy": "Terraform",
              "Project": "pos-pipeline"
            },
            "unique_id": "AROAQAJAULJA7WEOXVYVT"
          },
          "sensitive_attributes": [],
          "identity_schema_version": 0,
          "private": "bnVsbA==",
          "dependencies": [
            "data.archive_file.lambda_zips",
            "module.compute.aws_cloudwatch_log_group.lambda",
            "module.compute.aws_iam_role.lambda",
            "module.compute.aws_iam_role_policy.additional",
            "module.compute.aws_iam_role_policy_attachment.basic_execution",
            "module.compute.aws_iam_role_policy_attachment.vpc_access",
            "module.compute.aws_lambda_alias.this",
            "module.compute.aws_lambda_function.this",
            "module.compute.aws_lambda_function_event_invoke_config.this",
            "module.compute.aws_lambda_function_url.this",
            "module.compute.aws_lambda_permission.this",
            "module.compute.aws_lambda_provisioned_concurrency_config.this",
            "module.compute.data.aws_iam_policy_document.assume_role"
          ]
        }
      ]
    },
    {
      "module": "module.storage[\"s3_bucket_transformed\"]",
      "mode": "managed",
      "type": "aws_iam_role_policy",
      "name": "snowflake_s3",
      "provider": "provider[\"registry.terraform.io/hashicorp/aws\"]",
      "instances": [
        {
          "index_key": 0,
          "schema_version": 0,
          "attributes": {
            "id": "snowflake-pos-email-role:snowflake-pos-email-role-s3-policy",
            "name": "snowflake-pos-email-role-s3-policy",
            "name_prefix": "",
            "policy": "{\"Version\":\"2012-10-17\",\"Statement\":[{\"Action\":[\"s3:GetObject\",\"s3:GetObjectVersion\",\"s3:ListBucket\"],\"Effect\":\"Allow\",\"Resource\":[\"arn:aws:s3:::pos-processed-email-bucket\",\"arn:aws:s3:::pos-processed-email-bucket/*\"]}]}",
            "role": "snowflake-pos-email-role"
          },
          "sensitive_attributes": [],
          "identity_schema_version": 0,
          "private": "bnVsbA==",
          "dependencies": [
            "data.archive_file.lambda_zips",
            "module.compute.aws_cloudwatch_log_group.lambda",
            "module.compute.aws_iam_role.lambda",
            "module.compute.aws_iam_role_policy.additional",
            "module.compute.aws_iam_role_policy_attachment.basic_execution",
            "module.compute.aws_iam_role_policy_attachment.vpc_access",
            "module.compute.aws_lambda_alias.this",
            "module.compute.aws_lambda_function.this",
            "module.compute.aws_lambda_function_event_invoke_config.this",
            "module.compute.aws_lambda_function_url.this",
            "module.compute.aws_lambda_permission.this",
            "module.compute.aws_lambda_provisioned_concurrency_config.this",
            "module.compute.data.aws_iam_policy_document.assume_role",
            "module.storage.aws_iam_role.snowflake"
          ]
        }
      ]
    },
    {
      "module": "module.storage[\"s3_bucket_transformed\"]",
      "mode": "managed",
      "type": "aws_s3_bucket",
      "name": "this",
      "provider": "provider[\"registry.terraform.io/hashicorp/aws\"]",
      "instances": [
        {
          "schema_version": 0,
          "attributes": {
            "acceleration_status": "",
            "acl": null,
            "arn": "arn:aws:s3:::pos-processed-email-bucket",
            "bucket": "pos-processed-email-bucket",
            "bucket_domain_name": "pos-processed-email-bucket.s3.amazonaws.com",
            "bucket_prefix": "",
            "bucket_regional_domain_name": "pos-processed-email-bucket.s3.us-east-1.amazonaws.com",
            "cors_rule": [],
            "force_destroy": false,
            "grant": [
              {
                "id": "5fcd8ea6a02e5c87db384328860138d3f3cb53460a7cbe7adffbfe6eef7f0f50",
                "permissions": [
                  "FULL_CONTROL"
                ],
                "type": "CanonicalUser",
                "uri": ""
              }
            ],
            "hosted_zone_id": "Z3AQBSTGFYJSTF",
            "id": "pos-processed-email-bucket",
            "lifecycle_rule": [],
            "logging": [],
            "object_lock_configuration": [],
            "object_lock_enabled": false,
            "policy": "{\"Statement\":[{\"Action\":[\"s3:GetObject\",\"s3:GetObjectVersion\",\"s3:ListBucket\"],\"Effect\":\"Allow\",\"Principal\":{\"AWS\":\"arn:aws:iam::448049826774:user/bznw0000-s\"},\"Resource\":[\"arn:aws:s3:::pos-processed-email-bucket\",\"arn:aws:s3:::pos-processed-email-bucket/*\"],\"Sid\":\"SnowflakeAccess\"}],\"Version\":\"2012-10-17\"}",
            "region": "us-east-1",
            "replication_configuration": [],
            "request_payer": "BucketOwner",
            "server_side_encryption_configuration": [
              {
                "rule": [
                  {
                    "apply_server_side_encryption_by_default": [
                      {
                        "kms_master_key_id": "",
                        "sse_algorithm": "AES256"
                      }
                    ],
                    "bucket_key_enabled": false
                  }
                ]
              }
            ],
            "tags": {
              "Environment": "dev",
              "Project": "pos-pipeline"
            },
            "tags_all": {
              "Environment": "dev",
              "ManagedBy": "Terraform",
              "Project": "pos-pipeline"
            },
            "timeouts": null,
            "versioning": [
              {
                "enabled": true,
                "mfa_delete": false
              }
            ],
            "website": [],
            "website_domain": null,
            "website_endpoint": null
          },
          "sensitive_attributes": [],
          "identity_schema_version": 0,
          "private": "eyJlMmJmYjczMC1lY2FhLTExZTYtOGY4OC0zNDM2M2JjN2M0YzAiOnsiY3JlYXRlIjoxMjAwMDAwMDAwMDAwLCJkZWxldGUiOjM2MDAwMDAwMDAwMDAsInJlYWQiOjEyMDAwMDAwMDAwMDAsInVwZGF0ZSI6MTIwMDAwMDAwMDAwMH19",
          "dependencies": [
            "data.archive_file.lambda_zips",
            "module.compute.aws_cloudwatch_log_group.lambda",
            "module.compute.aws_iam_role.lambda",
            "module.compute.aws_iam_role_policy.additional",
            "module.compute.aws_iam_role_policy_attachment.basic_execution",
            "module.compute.aws_iam_role_policy_attachment.vpc_access",
            "module.compute.aws_lambda_alias.this",
            "module.compute.aws_lambda_function.this",
            "module.compute.aws_lambda_function_event_invoke_config.this",
            "module.compute.aws_lambda_function_url.this",
            "module.compute.aws_lambda_permission.this",
            "module.compute.aws_lambda_provisioned_concurrency_config.this",
            "module.compute.data.aws_iam_policy_document.assume_role"
          ]
        }
      ]
    },
    {
      "module": "module.storage[\"s3_bucket_transformed\"]",
      "mode": "managed",
      "type": "aws_s3_bucket_notification",
      "name": "this",
      "provider": "provider[\"registry.terraform.io/hashicorp/aws\"]",
      "instances": [
        {
          "index_key": 0,
          "schema_version": 0,
          "attributes": {
            "bucket": "pos-processed-email-bucket",
            "eventbridge": false,
            "id": "pos-processed-email-bucket",
            "lambda_function": [],
            "queue": [
              {
                "events": [
                  "s3:ObjectCreated:*"
                ],
                "filter_prefix": "",
                "filter_suffix": ".csv",
                "id": "snowpipe-queue",
                "queue_arn": "arn:aws:sqs:us-east-1:448049826774:sf-snowpipe-AIDAWQUOZZPLFALQLZCX6-v4vfXOKfy9n6szfVUViN0w"
              }
            ],
            "topic": []
          },
          "sensitive_attributes": [],
          "identity_schema_version": 0,
          "private": "bnVsbA==",
          "dependencies": [
            "data.archive_file.lambda_zips",
            "data.aws_secretsmanager_secret_version.snowflake_creds",
            "data.aws_secretsmanager_secret_version.snowflake_key",
            "module.compute.aws_cloudwatch_log_group.lambda",
            "module.compute.aws_iam_role.lambda",
            "module.compute.aws_iam_role_policy.additional",
            "module.compute.aws_iam_role_policy_attachment.basic_execution",
            "module.compute.aws_iam_role_policy_attachment.vpc_access",
            "module.compute.aws_lambda_alias.this",
            "module.compute.aws_lambda_function.this",
            "module.compute.aws_lambda_function_event_invoke_config.this",
            "module.compute.aws_lambda_function_url.this",
            "module.compute.aws_lambda_permission.this",
            "module.compute.aws_lambda_provisioned_concurrency_config.this",
            "module.compute.data.aws_iam_policy_document.assume_role",
            "module.storage.aws_iam_role.snowflake",
            "module.storage.aws_s3_bucket.this",
            "module.storage.snowflake_file_format.csv",
            "module.storage.snowflake_pipe.this",
            "module.storage.snowflake_stage.this",
            "module.storage.snowflake_storage_integration.this",
            "module.storage.terraform_data.snowflake_trust"
          ]
        }
      ]
    },
    {
      "module": "module.storage[\"s3_bucket_transformed\"]",
      "mode": "managed",
      "type": "aws_s3_bucket_ownership_controls",
      "name": "this",
      "provider": "provider[\"registry.terraform.io/hashicorp/aws\"]",
      "instances": [
        {
          "schema_version": 0,
          "attributes": {
            "bucket": "pos-processed-email-bucket",
            "id": "pos-processed-email-bucket",
            "rule": [
              {
                "object_ownership": "BucketOwnerEnforced"
              }
            ]
          },
          "sensitive_attributes": [],
          "identity_schema_version": 0,
          "private": "bnVsbA==",
          "dependencies": [
            "data.archive_file.lambda_zips",
            "module.compute.aws_cloudwatch_log_group.lambda",
            "module.compute.aws_iam_role.lambda",
            "module.compute.aws_iam_role_policy.additional",
            "module.compute.aws_iam_role_policy_attachment.basic_execution",
            "module.compute.aws_iam_role_policy_attachment.vpc_access",
            "module.compute.aws_lambda_alias.this",
            "module.compute.aws_lambda_function.this",
            "module.compute.aws_lambda_function_event_invoke_config.this",
            "module.compute.aws_lambda_function_url.this",
            "module.compute.aws_lambda_permission.this",
            "module.compute.aws_lambda_provisioned_concurrency_config.this",
            "module.compute.data.aws_iam_policy_document.assume_role",
            "module.storage.aws_s3_bucket.this"
          ]
        }
      ]
    },
    {
      "module": "module.storage[\"s3_bucket_transformed\"]",
      "mode": "managed",
      "type": "aws_s3_bucket_public_access_block",
      "name": "this",
      "provider": "provider[\"registry.terraform.io/hashicorp/aws\"]",
      "instances": [
        {
          "schema_version": 0,
          "attributes": {
            "block_public_acls": true,
            "block_public_policy": true,
            "bucket": "pos-processed-email-bucket",
            "id": "pos-processed-email-bucket",
            "ignore_public_acls": true,
            "restrict_public_buckets": true
          },
          "sensitive_attributes": [],
          "identity_schema_version": 0,
          "private": "bnVsbA==",
          "dependencies": [
            "data.archive_file.lambda_zips",
            "module.compute.aws_cloudwatch_log_group.lambda",
            "module.compute.aws_iam_role.lambda",
            "module.compute.aws_iam_role_policy.additional",
            "module.compute.aws_iam_role_policy_attachment.basic_execution",
            "module.compute.aws_iam_role_policy_attachment.vpc_access",
            "module.compute.aws_lambda_alias.this",
            "module.compute.aws_lambda_function.this",
            "module.compute.aws_lambda_function_event_invoke_config.this",
            "module.compute.aws_lambda_function_url.this",
            "module.compute.aws_lambda_permission.this",
            "module.compute.aws_lambda_provisioned_concurrency_config.this",
            "module.compute.data.aws_iam_policy_document.assume_role",
            "module.storage.aws_s3_bucket.this"
          ]
        }
      ]
    },
    {
      "module": "module.storage[\"s3_bucket_transformed\"]",
      "mode": "managed",
      "type": "aws_s3_bucket_server_side_encryption_configuration",
      "name": "this",
      "provider": "provider[\"registry.terraform.io/hashicorp/aws\"]",
      "instances": [
        {
          "schema_version": 0,
          "attributes": {
            "bucket": "pos-processed-email-bucket",
            "expected_bucket_owner": "",
            "id": "pos-processed-email-bucket",
            "rule": [
              {
                "apply_server_side_encryption_by_default": [
                  {
                    "kms_master_key_id": "",
                    "sse_algorithm": "AES256"
                  }
                ],
                "bucket_key_enabled": false
              }
            ]
          },
          "sensitive_attributes": [],
          "identity_schema_version": 0,
          "private": "bnVsbA==",
          "dependencies": [
            "data.archive_file.lambda_zips",
            "module.compute.aws_cloudwatch_log_group.lambda",
            "module.compute.aws_iam_role.lambda",
            "module.compute.aws_iam_role_policy.additional",
            "module.compute.aws_iam_role_policy_attachment.basic_execution",
            "module.compute.aws_iam_role_policy_attachment.vpc_access",
            "module.compute.aws_lambda_alias.this",
            "module.compute.aws_lambda_function.this",
            "module.compute.aws_lambda_function_event_invoke_config.this",
            "module.compute.aws_lambda_function_url.this",
            "module.compute.aws_lambda_permission.this",
            "module.compute.aws_lambda_provisioned_concurrency_config.this",
            "module.compute.data.aws_iam_policy_document.assume_role",
            "module.storage.aws_s3_bucket.this"
          ]
        }
      ]
    },
    {
      "module": "module.storage[\"s3_bucket_transformed\"]",
      "mode": "managed",
      "type": "aws_s3_bucket_versioning",
      "name": "this",
      "provider": "provider[\"registry.terraform.io/hashicorp/aws\"]",
      "instances": [
        {
          "index_key": 0,
          "schema_version": 0,
          "attributes": {
            "bucket": "pos-processed-email-bucket",
            "expected_bucket_owner": "",
            "id": "pos-processed-email-bucket",
            "mfa": null,
            "versioning_configuration": [
              {
                "mfa_delete": "Disabled",
                "status": "Enabled"
              }
            ]
          },
          "sensitive_attributes": [],
          "identity_schema_version": 0,
          "private": "bnVsbA==",
          "dependencies": [
            "data.archive_file.lambda_zips",
            "module.compute.aws_cloudwatch_log_group.lambda",
            "module.compute.aws_iam_role.lambda",
            "module.compute.aws_iam_role_policy.additional",
            "module.compute.aws_iam_role_policy_attachment.basic_execution",
            "module.compute.aws_iam_role_policy_attachment.vpc_access",
            "module.compute.aws_lambda_alias.this",
            "module.compute.aws_lambda_function.this",
            "module.compute.aws_lambda_function_event_invoke_config.this",
            "module.compute.aws_lambda_function_url.this",
            "module.compute.aws_lambda_permission.this",
            "module.compute.aws_lambda_provisioned_concurrency_config.this",
            "module.compute.data.aws_iam_policy_document.assume_role",
            "module.storage.aws_s3_bucket.this"
          ]
        }
      ]
    },
    {
      "module": "module.storage[\"s3_bucket_transformed\"]",
      "mode": "managed",
      "type": "aws_sqs_queue",
      "name": "snowpipe",
      "provider": "provider[\"registry.terraform.io/hashicorp/aws\"]",
      "instances": [
        {
          "index_key": 0,
          "schema_version": 0,
          "attributes": {
            "arn": "arn:aws:sqs:us-east-1:000605313601:pos-processed-email-bucket-snowpipe-queue",
            "content_based_deduplication": false,
            "deduplication_scope": "",
            "delay_seconds": 0,
            "fifo_queue": false,
            "fifo_throughput_limit": "",
            "id": "https://sqs.us-east-1.amazonaws.com/000605313601/pos-processed-email-bucket-snowpipe-queue",
            "kms_data_key_reuse_period_seconds": 300,
            "kms_master_key_id": "",
            "max_message_size": 262144,
            "message_retention_seconds": 86400,
            "name": "pos-processed-email-bucket-snowpipe-queue",
            "name_prefix": "",
            "policy": "{\"Statement\":[{\"Action\":\"sqs:SendMessage\",\"Condition\":{\"ArnLike\":{\"aws:SourceArn\":\"arn:aws:s3:::pos-processed-email-bucket\"}},\"Effect\":\"Allow\",\"Principal\":{\"Service\":\"s3.amazonaws.com\"},\"Resource\":\"arn:aws:sqs:us-east-1:000605313601:pos-processed-email-bucket-snowpipe-queue\"}],\"Version\":\"2012-10-17\"}",
            "receive_wait_time_seconds": 0,
            "redrive_allow_policy": "",
            "redrive_policy": "",
            "sqs_managed_sse_enabled": true,
            "tags": {
              "Environment": "dev",
              "Project": "pos-pipeline"
            },
            "tags_all": {
              "Environment": "dev",
              "ManagedBy": "Terraform",
              "Project": "pos-pipeline"
            },
            "timeouts": null,
            "url": "https://sqs.us-east-1.amazonaws.com/000605313601/pos-processed-email-bucket-snowpipe-queue",
            "visibility_timeout_seconds": 30
          },
          "sensitive_attributes": [],
          "identity_schema_version": 0,
          "private": "eyJlMmJmYjczMC1lY2FhLTExZTYtOGY4OC0zNDM2M2JjN2M0YzAiOnsiY3JlYXRlIjoxODAwMDAwMDAwMDAsImRlbGV0ZSI6MTgwMDAwMDAwMDAwLCJ1cGRhdGUiOjE4MDAwMDAwMDAwMH19",
          "dependencies": [
            "data.archive_file.lambda_zips",
            "module.compute.aws_cloudwatch_log_group.lambda",
            "module.compute.aws_iam_role.lambda",
            "module.compute.aws_iam_role_policy.additional",
            "module.compute.aws_iam_role_policy_attachment.basic_execution",
            "module.compute.aws_iam_role_policy_attachment.vpc_access",
            "module.compute.aws_lambda_alias.this",
            "module.compute.aws_lambda_function.this",
            "module.compute.aws_lambda_function_event_invoke_config.this",
            "module.compute.aws_lambda_function_url.this",
            "module.compute.aws_lambda_permission.this",
            "module.compute.aws_lambda_provisioned_concurrency_config.this",
            "module.compute.data.aws_iam_policy_document.assume_role"
          ]
        }
      ]
    },
    {
      "module": "module.storage[\"s3_bucket_transformed\"]",
      "mode": "managed",
      "type": "aws_sqs_queue_policy",
      "name": "snowpipe",
      "provider": "provider[\"registry.terraform.io/hashicorp/aws\"]",
      "instances": [
        {
          "index_key": 0,
          "schema_version": 1,
          "attributes": {
            "id": "https://sqs.us-east-1.amazonaws.com/000605313601/pos-processed-email-bucket-snowpipe-queue",
            "policy": "{\"Statement\":[{\"Action\":\"sqs:SendMessage\",\"Condition\":{\"ArnLike\":{\"aws:SourceArn\":\"arn:aws:s3:::pos-processed-email-bucket\"}},\"Effect\":\"Allow\",\"Principal\":{\"Service\":\"s3.amazonaws.com\"},\"Resource\":\"arn:aws:sqs:us-east-1:000605313601:pos-processed-email-bucket-snowpipe-queue\"}],\"Version\":\"2012-10-17\"}",
            "queue_url": "https://sqs.us-east-1.amazonaws.com/000605313601/pos-processed-email-bucket-snowpipe-queue"
          },
          "sensitive_attributes": [],
          "identity_schema_version": 0,
          "private": "eyJzY2hlbWFfdmVyc2lvbiI6IjEifQ==",
          "dependencies": [
            "data.archive_file.lambda_zips",
            "module.compute.aws_cloudwatch_log_group.lambda",
            "module.compute.aws_iam_role.lambda",
            "module.compute.aws_iam_role_policy.additional",
            "module.compute.aws_iam_role_policy_attachment.basic_execution",
            "module.compute.aws_iam_role_policy_attachment.vpc_access",
            "module.compute.aws_lambda_alias.this",
            "module.compute.aws_lambda_function.this",
            "module.compute.aws_lambda_function_event_invoke_config.this",
            "module.compute.aws_lambda_function_url.this",
            "module.compute.aws_lambda_permission.this",
            "module.compute.aws_lambda_provisioned_concurrency_config.this",
            "module.compute.data.aws_iam_policy_document.assume_role",
            "module.storage.aws_sqs_queue.snowpipe"
          ]
        }
      ]
    },
    {
      "module": "module.storage[\"s3_bucket_transformed\"]",
      "mode": "managed",
      "type": "snowflake_file_format",
      "name": "csv",
      "provider": "provider[\"registry.terraform.io/snowflake-labs/snowflake\"]",
      "instances": [
        {
          "index_key": 0,
          "schema_version": 0,
          "attributes": {
            "allow_duplicate": null,
            "binary_as_text": null,
            "binary_format": "HEX",
            "comment": "",
            "compression": "AUTO",
            "database": "SESH_METADATA",
            "date_format": "AUTO",
            "disable_auto_convert": null,
            "disable_snowflake_data": null,
            "empty_field_as_null": false,
            "enable_octal": null,
            "encoding": "UTF8",
            "error_on_column_count_mismatch": false,
            "escape": "NONE",
            "escape_unenclosed_field": "\\",
            "field_delimiter": ",",
            "field_optionally_enclosed_by": "\"",
            "file_extension": "",
            "format_type": "CSV",
            "fully_qualified_name": "\"SESH_METADATA\".\"STG\".\"pos_csv_format_dev\"",
            "id": "SESH_METADATA|STG|pos_csv_format_dev",
            "ignore_utf8_errors": null,
            "name": "pos_csv_format_dev",
            "null_if": [
              "\\N"
            ],
            "parse_header": true,
            "preserve_space": null,
            "record_delimiter": "\n",
            "replace_invalid_characters": false,
            "schema": "STG",
            "skip_blank_lines": true,
            "skip_byte_order_mark": false,
            "skip_header": 0,
            "strip_null_values": null,
            "strip_outer_array": null,
            "strip_outer_element": null,
            "time_format": "AUTO",
            "timestamp_format": "AUTO",
            "trim_space": true
          },
          "sensitive_attributes": [],
          "identity_schema_version": 0,
          "private": "bnVsbA==",
          "dependencies": [
            "data.archive_file.lambda_zips",
            "data.aws_secretsmanager_secret_version.snowflake_creds",
            "data.aws_secretsmanager_secret_version.snowflake_key",
            "module.compute.aws_cloudwatch_log_group.lambda",
            "module.compute.aws_iam_role.lambda",
            "module.compute.aws_iam_role_policy.additional",
            "module.compute.aws_iam_role_policy_attachment.basic_execution",
            "module.compute.aws_iam_role_policy_attachment.vpc_access",
            "module.compute.aws_lambda_alias.this",
            "module.compute.aws_lambda_function.this",
            "module.compute.aws_lambda_function_event_invoke_config.this",
            "module.compute.aws_lambda_function_url.this",
            "module.compute.aws_lambda_permission.this",
            "module.compute.aws_lambda_provisioned_concurrency_config.this",
            "module.compute.data.aws_iam_policy_document.assume_role"
          ]
        }
      ]
    },
    {
      "module": "module.storage[\"s3_bucket_transformed\"]",
      "mode": "managed",
      "type": "snowflake_pipe",
      "name": "this",
      "provider": "provider[\"registry.terraform.io/snowflake-labs/snowflake\"]",
      "instances": [
        {
          "index_key": 0,
          "schema_version": 0,
          "attributes": {
            "auto_ingest": true,
            "aws_sns_topic_arn": null,
            "comment": "",
            "copy_statement": "COPY INTO \"SESH_METADATA\".\"STG\".\"STG_POS_UNIFIED_DEV\"\r\nFROM @\"SESH_METADATA\".\"STG\".\"pos_unified_stage\"\r\nFILE_FORMAT = (FORMAT_NAME = '\"SESH_METADATA\".\"STG\".\"pos_csv_format_dev\"')\r\nMATCH_BY_COLUMN_NAME = CASE_INSENSITIVE",
            "database": "SESH_METADATA",
            "error_integration": "",
            "fully_qualified_name": "\"SESH_METADATA\".\"STG\".\"pos_snowpipe\"",
            "id": "SESH_METADATA|STG|pos_snowpipe",
            "integration": null,
            "name": "pos_snowpipe",
            "notification_channel": "arn:aws:sqs:us-east-1:448049826774:sf-snowpipe-AIDAWQUOZZPLFALQLZCX6-v4vfXOKfy9n6szfVUViN0w",
            "owner": "ACCOUNTADMIN",
            "schema": "STG"
          },
          "sensitive_attributes": [],
          "identity_schema_version": 0,
          "private": "bnVsbA==",
          "dependencies": [
            "data.archive_file.lambda_zips",
            "data.aws_secretsmanager_secret_version.snowflake_creds",
            "data.aws_secretsmanager_secret_version.snowflake_key",
            "module.compute.aws_cloudwatch_log_group.lambda",
            "module.compute.aws_iam_role.lambda",
            "module.compute.aws_iam_role_policy.additional",
            "module.compute.aws_iam_role_policy_attachment.basic_execution",
            "module.compute.aws_iam_role_policy_attachment.vpc_access",
            "module.compute.aws_lambda_alias.this",
            "module.compute.aws_lambda_function.this",
            "module.compute.aws_lambda_function_event_invoke_config.this",
            "module.compute.aws_lambda_function_url.this",
            "module.compute.aws_lambda_permission.this",
            "module.compute.aws_lambda_provisioned_concurrency_config.this",
            "module.compute.data.aws_iam_policy_document.assume_role",
            "module.storage.aws_iam_role.snowflake",
            "module.storage.snowflake_file_format.csv",
            "module.storage.snowflake_stage.this",
            "module.storage.snowflake_storage_integration.this",
            "module.storage.terraform_data.snowflake_trust"
          ]
        }
      ]
    },
    {
      "module": "module.storage[\"s3_bucket_transformed\"]",
      "mode": "managed",
      "type": "snowflake_stage",
      "name": "this",
      "provider": "provider[\"registry.terraform.io/snowflake-labs/snowflake\"]",
      "instances": [
        {
          "index_key": 0,
          "schema_version": 0,
          "attributes": {
            "aws_external_id": "SZ87870_SFCRole=4_WuW1arkOGLbiU+EH574N/K2ATck=",
            "comment": "",
            "copy_options": "",
            "credentials": null,
            "database": "SESH_METADATA",
            "directory": "",
            "encryption": null,
            "file_format": "FORMAT_NAME = \\\"SESH_METADATA\\\".\\\"STG\\\".\\\"pos_csv_format_dev\\\"",
            "fully_qualified_name": "\"SESH_METADATA\".\"STG\".\"pos_unified_stage\"",
            "id": "SESH_METADATA|STG|pos_unified_stage",
            "name": "pos_unified_stage",
            "schema": "STG",
            "snowflake_iam_user": "arn:aws:iam::448049826774:user/bznw0000-s",
            "storage_integration": "pos_s3_integration",
            "tag": [],
            "url": "s3://pos-processed-email-bucket/"
          },
          "sensitive_attributes": [
            [
              {
                "type": "get_attr",
                "value": "credentials"
              }
            ]
          ],
          "identity_schema_version": 0,
          "private": "bnVsbA==",
          "dependencies": [
            "data.archive_file.lambda_zips",
            "data.aws_secretsmanager_secret_version.snowflake_creds",
            "data.aws_secretsmanager_secret_version.snowflake_key",
            "module.compute.aws_cloudwatch_log_group.lambda",
            "module.compute.aws_iam_role.lambda",
            "module.compute.aws_iam_role_policy.additional",
            "module.compute.aws_iam_role_policy_attachment.basic_execution",
            "module.compute.aws_iam_role_policy_attachment.vpc_access",
            "module.compute.aws_lambda_alias.this",
            "module.compute.aws_lambda_function.this",
            "module.compute.aws_lambda_function_event_invoke_config.this",
            "module.compute.aws_lambda_function_url.this",
            "module.compute.aws_lambda_permission.this",
            "module.compute.aws_lambda_provisioned_concurrency_config.this",
            "module.compute.data.aws_iam_policy_document.assume_role",
            "module.storage.aws_iam_role.snowflake",
            "module.storage.snowflake_file_format.csv",
            "module.storage.snowflake_storage_integration.this"
          ]
        }
      ]
    },
    {
      "module": "module.storage[\"s3_bucket_transformed\"]",
      "mode": "managed",
      "type": "snowflake_storage_integration",
      "name": "this",
      "provider": "provider[\"registry.terraform.io/snowflake-labs/snowflake\"]",
      "instances": [
        {
          "index_key": 0,
          "schema_version": 0,
          "attributes": {
            "azure_consent_url": null,
            "azure_multi_tenant_app_name": null,
            "azure_tenant_id": null,
            "comment": "",
            "created_on": "2026-03-23 13:53:28.618 -0500 CDT",
            "enabled": true,
            "fully_qualified_name": "\"pos_s3_integration\"",
            "id": "pos_s3_integration",
            "name": "pos_s3_integration",
            "storage_allowed_locations": [
              "s3://pos-processed-email-bucket/"
            ],
            "storage_aws_external_id": "SZ87870_SFCRole=4_WuW1arkOGLbiU+EH574N/K2ATck=",
            "storage_aws_iam_user_arn": "arn:aws:iam::448049826774:user/bznw0000-s",
            "storage_aws_object_acl": null,
            "storage_aws_role_arn": "arn:aws:iam::000605313601:role/snowflake-pos-email-role",
            "storage_blocked_locations": null,
            "storage_gcp_service_account": null,
            "storage_provider": "S3",
            "type": "EXTERNAL_STAGE"
          },
          "sensitive_attributes": [],
          "identity_schema_version": 0,
          "private": "bnVsbA==",
          "dependencies": [
            "data.archive_file.lambda_zips",
            "data.aws_secretsmanager_secret_version.snowflake_creds",
            "data.aws_secretsmanager_secret_version.snowflake_key",
            "module.compute.aws_cloudwatch_log_group.lambda",
            "module.compute.aws_iam_role.lambda",
            "module.compute.aws_iam_role_policy.additional",
            "module.compute.aws_iam_role_policy_attachment.basic_execution",
            "module.compute.aws_iam_role_policy_attachment.vpc_access",
            "module.compute.aws_lambda_alias.this",
            "module.compute.aws_lambda_function.this",
            "module.compute.aws_lambda_function_event_invoke_config.this",
            "module.compute.aws_lambda_function_url.this",
            "module.compute.aws_lambda_permission.this",
            "module.compute.aws_lambda_provisioned_concurrency_config.this",
            "module.compute.data.aws_iam_policy_document.assume_role",
            "module.storage.aws_iam_role.snowflake"
          ]
        }
      ]
    },
    {
      "module": "module.storage[\"s3_bucket_transformed\"]",
      "mode": "managed",
      "type": "snowflake_stream_on_table",
      "name": "pos_unified",
      "provider": "provider[\"registry.terraform.io/snowflake-labs/snowflake\"]",
      "instances": [
        {
          "index_key": 0,
          "schema_version": 0,
          "attributes": {
            "append_only": "true",
            "at": [],
            "before": [],
            "comment": "",
            "copy_grants": false,
            "database": "SESH_METADATA",
            "describe_output": [
              {
                "base_tables": [
                  "\"SESH_METADATA\".\"STG\".\"STG_POS_UNIFIED_DEV\""
                ],
                "comment": "",
                "created_on": "2026-03-23 15:36:21.713 -0500 CDT",
                "database_name": "SESH_METADATA",
                "invalid_reason": "N/A",
                "mode": "APPEND_ONLY",
                "name": "stg_pos_unified_dev_stream",
                "owner": "ACCOUNTADMIN",
                "owner_role_type": "ROLE",
                "schema_name": "STG",
                "source_type": "TABLE",
                "stale": false,
                "stale_after": "2026-04-06 15:31:21.733 -0500 CDT",
                "table_name": "\"SESH_METADATA\".\"STG\".\"STG_POS_UNIFIED_DEV\"",
                "type": "DELTA"
              }
            ],
            "fully_qualified_name": "\"SESH_METADATA\".\"STG\".\"stg_pos_unified_dev_stream\"",
            "id": "\"SESH_METADATA\".\"STG\".\"stg_pos_unified_dev_stream\"",
            "name": "stg_pos_unified_dev_stream",
            "schema": "STG",
            "show_initial_rows": "default",
            "show_output": [
              {
                "base_tables": [
                  "\"SESH_METADATA\".\"STG\".\"STG_POS_UNIFIED_DEV\""
                ],
                "comment": "",
                "created_on": "2026-03-23 15:36:21.713 -0500 CDT",
                "database_name": "SESH_METADATA",
                "invalid_reason": "N/A",
                "mode": "APPEND_ONLY",
                "name": "stg_pos_unified_dev_stream",
                "owner": "ACCOUNTADMIN",
                "owner_role_type": "ROLE",
                "schema_name": "STG",
                "source_type": "TABLE",
                "stale": false,
                "stale_after": "2026-04-06 15:31:21.733 -0500 CDT",
                "table_name": "\"SESH_METADATA\".\"STG\".\"STG_POS_UNIFIED_DEV\"",
                "type": "DELTA"
              }
            ],
            "stale": false,
            "stream_type": "TABLE",
            "table": "\"SESH_METADATA\".\"STG\".\"STG_POS_UNIFIED_DEV\""
          },
          "sensitive_attributes": [],
          "identity_schema_version": 0,
          "private": "bnVsbA==",
          "dependencies": [
            "data.archive_file.lambda_zips",
            "data.aws_secretsmanager_secret_version.snowflake_creds",
            "data.aws_secretsmanager_secret_version.snowflake_key",
            "module.compute.aws_cloudwatch_log_group.lambda",
            "module.compute.aws_iam_role.lambda",
            "module.compute.aws_iam_role_policy.additional",
            "module.compute.aws_iam_role_policy_attachment.basic_execution",
            "module.compute.aws_iam_role_policy_attachment.vpc_access",
            "module.compute.aws_lambda_alias.this",
            "module.compute.aws_lambda_function.this",
            "module.compute.aws_lambda_function_event_invoke_config.this",
            "module.compute.aws_lambda_function_url.this",
            "module.compute.aws_lambda_permission.this",
            "module.compute.aws_lambda_provisioned_concurrency_config.this",
            "module.compute.data.aws_iam_policy_document.assume_role",
            "module.storage.aws_iam_role.snowflake",
            "module.storage.snowflake_file_format.csv",
            "module.storage.snowflake_pipe.this",
            "module.storage.snowflake_stage.this",
            "module.storage.snowflake_storage_integration.this",
            "module.storage.terraform_data.snowflake_trust"
          ]
        }
      ]
    },
    {
      "module": "module.storage[\"s3_bucket_transformed\"]",
      "mode": "managed",
      "type": "snowflake_task",
      "name": "load_fact_pos",
      "provider": "provider[\"registry.terraform.io/snowflake-labs/snowflake\"]",
      "instances": [
        {
          "index_key": 0,
          "schema_version": 1,
          "attributes": {
            "abort_detached_query": false,
            "after": [
              "SESH_METADATA.TSK.load_pos_backup"
            ],
            "allow_overlapping_execution": "default",
            "autocommit": true,
            "binary_input_format": "HEX",
            "binary_output_format": "HEX",
            "client_memory_limit": 1536,
            "client_metadata_request_use_connection_ctx": false,
            "client_prefetch_threads": 4,
            "client_result_chunk_size": 160,
            "client_result_column_case_insensitive": false,
            "client_session_keep_alive": false,
            "client_session_keep_alive_heartbeat_frequency": 3600,
            "client_timestamp_type_mapping": "TIMESTAMP_LTZ",
            "comment": "",
            "config": "",
            "database": "SESH_METADATA",
            "date_input_format": "AUTO",
            "date_output_format": "YYYY-MM-DD",
            "enable_unload_physical_type_optimization": true,
            "error_integration": "",
            "error_on_nondeterministic_merge": true,
            "error_on_nondeterministic_update": false,
            "finalize": "",
            "fully_qualified_name": "\"SESH_METADATA\".\"TSK\".\"load_fact_pos\"",
            "geography_output_format": "GeoJSON",
            "geometry_output_format": "GeoJSON",
            "id": "\"SESH_METADATA\".\"TSK\".\"load_fact_pos\"",
            "jdbc_treat_timestamp_ntz_as_utc": false,
            "jdbc_use_session_timezone": true,
            "json_indent": 2,
            "lock_timeout": 43200,
            "log_level": "OFF",
            "multi_statement_count": 1,
            "name": "load_fact_pos",
            "noorder_sequence_as_default": true,
            "odbc_treat_decimal_as_int": false,
            "parameters": [
              {
                "abort_detached_query": [
                  {
                    "default": "false",
                    "description": "If true, Snowflake will automatically abort queries when it detects that the client has disappeared.",
                    "key": "ABORT_DETACHED_QUERY",
                    "level": "",
                    "value": "false"
                  }
                ],
                "autocommit": [
                  {
                    "default": "true",
                    "description": "The autocommit property determines whether is statement should to be implicitly\nwrapped within a transaction or not. If autocommit is set to true, then a \nstatement that requires a transaction is executed within a transaction \nimplicitly. If autocommit is off then an explicit commit or rollback is required\nto close a transaction. The default autocommit value is true.",
                    "key": "AUTOCOMMIT",
                    "level": "",
                    "value": "true"
                  }
                ],
                "binary_input_format": [
                  {
                    "default": "HEX",
                    "description": "input format for binary",
                    "key": "BINARY_INPUT_FORMAT",
                    "level": "",
                    "value": "HEX"
                  }
                ],
                "binary_output_format": [
                  {
                    "default": "HEX",
                    "description": "display format for binary",
                    "key": "BINARY_OUTPUT_FORMAT",
                    "level": "",
                    "value": "HEX"
                  }
                ],
                "client_memory_limit": [
                  {
                    "default": "1536",
                    "description": "Limit the amount of memory used by the client in MB",
                    "key": "CLIENT_MEMORY_LIMIT",
                    "level": "",
                    "value": "1536"
                  }
                ],
                "client_metadata_request_use_connection_ctx": [
                  {
                    "default": "false",
                    "description": "For client metadata request(getTables()), use session catalog and schema if set to true",
                    "key": "CLIENT_METADATA_REQUEST_USE_CONNECTION_CTX",
                    "level": "",
                    "value": "false"
                  }
                ],
                "client_prefetch_threads": [
                  {
                    "default": "4",
                    "description": "Customer parameter to control threads, 0=auto",
                    "key": "CLIENT_PREFETCH_THREADS",
                    "level": "",
                    "value": "4"
                  }
                ],
                "client_result_chunk_size": [
                  {
                    "default": "160",
                    "description": "Set the max result chunk size in MB on the client side",
                    "key": "CLIENT_RESULT_CHUNK_SIZE",
                    "level": "",
                    "value": "160"
                  }
                ],
                "client_result_column_case_insensitive": [
                  {
                    "default": "false",
                    "description": "Column name search is case insensitive in clients",
                    "key": "CLIENT_RESULT_COLUMN_CASE_INSENSITIVE",
                    "level": "",
                    "value": "false"
                  }
                ],
                "client_session_keep_alive": [
                  {
                    "default": "false",
                    "description": "If true, client session will not expire automatically",
                    "key": "CLIENT_SESSION_KEEP_ALIVE",
                    "level": "",
                    "value": "false"
                  }
                ],
                "client_session_keep_alive_heartbeat_frequency": [
                  {
                    "default": "3600",
                    "description": "Heartbeat frequency in seconds for CLIENT_SESSION_KEEP_ALIVE.",
                    "key": "CLIENT_SESSION_KEEP_ALIVE_HEARTBEAT_FREQUENCY",
                    "level": "",
                    "value": "3600"
                  }
                ],
                "client_timestamp_type_mapping": [
                  {
                    "default": "TIMESTAMP_LTZ",
                    "description": "If a variable is bound to the TIMESTAMP data type using the bind API, determines which TIMESTAMP* type it should map to:\n  TIMESTAMP_LTZ (default), TIMESTAMP_NTZ",
                    "key": "CLIENT_TIMESTAMP_TYPE_MAPPING",
                    "level": "",
                    "value": "TIMESTAMP_LTZ"
                  }
                ],
                "date_input_format": [
                  {
                    "default": "AUTO",
                    "description": "input format for date",
                    "key": "DATE_INPUT_FORMAT",
                    "level": "",
                    "value": "AUTO"
                  }
                ],
                "date_output_format": [
                  {
                    "default": "YYYY-MM-DD",
                    "description": "display format for date",
                    "key": "DATE_OUTPUT_FORMAT",
                    "level": "",
                    "value": "YYYY-MM-DD"
                  }
                ],
                "enable_unload_physical_type_optimization": [
                  {
                    "default": "true",
                    "description": "Enable physical-type optimizations used in Snowflake to affect the Parquet output",
                    "key": "ENABLE_UNLOAD_PHYSICAL_TYPE_OPTIMIZATION",
                    "level": "",
                    "value": "true"
                  }
                ],
                "error_on_nondeterministic_merge": [
                  {
                    "default": "true",
                    "description": "raise an error when attempting to merge-update a row that joins many rows",
                    "key": "ERROR_ON_NONDETERMINISTIC_MERGE",
                    "level": "",
                    "value": "true"
                  }
                ],
                "error_on_nondeterministic_update": [
                  {
                    "default": "false",
                    "description": "raise an error when attempting to update a row that joins many rows",
                    "key": "ERROR_ON_NONDETERMINISTIC_UPDATE",
                    "level": "",
                    "value": "false"
                  }
                ],
                "geography_output_format": [
                  {
                    "default": "GeoJSON",
                    "description": "GEOGRAPHY display format: GeoJSON, WKT, or WKB(case-insensitive)",
                    "key": "GEOGRAPHY_OUTPUT_FORMAT",
                    "level": "",
                    "value": "GeoJSON"
                  }
                ],
                "geometry_output_format": [
                  {
                    "default": "GeoJSON",
                    "description": "GEOMETRY display format: GeoJSON, WKT, or WKB(case-insensitive)",
                    "key": "GEOMETRY_OUTPUT_FORMAT",
                    "level": "",
                    "value": "GeoJSON"
                  }
                ],
                "jdbc_treat_timestamp_ntz_as_utc": [
                  {
                    "default": "false",
                    "description": "When true, Timestamp_NTZ values are always stored in UTC timezone",
                    "key": "JDBC_TREAT_TIMESTAMP_NTZ_AS_UTC",
                    "level": "",
                    "value": "false"
                  }
                ],
                "jdbc_use_session_timezone": [
                  {
                    "default": "true",
                    "description": "When true, JDBC driver will not display timezone offset between JVM and session.",
                    "key": "JDBC_USE_SESSION_TIMEZONE",
                    "level": "",
                    "value": "true"
                  }
                ],
                "json_indent": [
                  {
                    "default": "2",
                    "description": "Width of indentation in JSON output (0 for compact)",
                    "key": "JSON_INDENT",
                    "level": "",
                    "value": "2"
                  }
                ],
                "lock_timeout": [
                  {
                    "default": "43200",
                    "description": "Number of seconds to wait while trying to lock a resource, before timing out \nand aborting the statement. A value of 0 turns off lock waiting i.e. the \nstatement must acquire the lock immediately or abort. If multiple resources \nneed to be locked by the statement, the timeout applies separately to each \nlock attempt.",
                    "key": "LOCK_TIMEOUT",
                    "level": "",
                    "value": "43200"
                  }
                ],
                "log_level": [
                  {
                    "default": "OFF",
                    "description": "LOG_LEVEL to use when filtering events",
                    "key": "LOG_LEVEL",
                    "level": "",
                    "value": "OFF"
                  }
                ],
                "multi_statement_count": [
                  {
                    "default": "1",
                    "description": "Number of statement included in submitted query text.\nThis parameter is submitted by user to avoid sql injection.\nValue 1 means one statement, value \u003e 1 means n statement\ncan be executed, if not equal to the value will raise the\nexception. Value 0 means any number of statement can be\n executed",
                    "key": "MULTI_STATEMENT_COUNT",
                    "level": "",
                    "value": "1"
                  }
                ],
                "noorder_sequence_as_default": [
                  {
                    "default": "true",
                    "description": "Whether we make NOORDER the default option for creating new sequences",
                    "key": "NOORDER_SEQUENCE_AS_DEFAULT",
                    "level": "",
                    "value": "true"
                  }
                ],
                "odbc_treat_decimal_as_int": [
                  {
                    "default": "false",
                    "description": "When scale is 0, whether to treat Decimal as Int in ODBC",
                    "key": "ODBC_TREAT_DECIMAL_AS_INT",
                    "level": "",
                    "value": "false"
                  }
                ],
                "query_tag": [
                  {
                    "default": "",
                    "description": "String (up to 2000 characters) used to tag statements executed by the session",
                    "key": "QUERY_TAG",
                    "level": "",
                    "value": ""
                  }
                ],
                "quoted_identifiers_ignore_case": [
                  {
                    "default": "false",
                    "description": "If true, the case of quoted identifiers is ignored",
                    "key": "QUOTED_IDENTIFIERS_IGNORE_CASE",
                    "level": "",
                    "value": "false"
                  }
                ],
                "rows_per_resultset": [
                  {
                    "default": "0",
                    "description": "maxium number of rows in a result set",
                    "key": "ROWS_PER_RESULTSET",
                    "level": "",
                    "value": "0"
                  }
                ],
                "s3_stage_vpce_dns_name": [
                  {
                    "default": "",
                    "description": "S3 VPCE DNS name to access internal stage bucket over privatelink",
                    "key": "S3_STAGE_VPCE_DNS_NAME",
                    "level": "",
                    "value": ""
                  }
                ],
                "search_path": [
                  {
                    "default": "$current, $public",
                    "description": "Search path for unqualified object references.",
                    "key": "SEARCH_PATH",
                    "level": "",
                    "value": "$current, $public"
                  }
                ],
                "statement_queued_timeout_in_seconds": [
                  {
                    "default": "0",
                    "description": "Timeout in seconds for queued statements: statements will automatically be canceled if they are queued on a warehouse for longer than this amount of time; disabled if set to zero.",
                    "key": "STATEMENT_QUEUED_TIMEOUT_IN_SECONDS",
                    "level": "",
                    "value": "0"
                  }
                ],
                "statement_timeout_in_seconds": [
                  {
                    "default": "172800",
                    "description": "Timeout in seconds for statements: statements are automatically canceled if they run for longer; if set to zero, max value (604800) is enforced.",
                    "key": "STATEMENT_TIMEOUT_IN_SECONDS",
                    "level": "",
                    "value": "172800"
                  }
                ],
                "strict_json_output": [
                  {
                    "default": "false",
                    "description": "JSON output is strictly compliant to the specification",
                    "key": "STRICT_JSON_OUTPUT",
                    "level": "",
                    "value": "false"
                  }
                ],
                "suspend_task_after_num_failures": [
                  {
                    "default": "10",
                    "description": "How many times a task must fail in a row before it is automatically suspended. 0 disables auto-suspending.",
                    "key": "SUSPEND_TASK_AFTER_NUM_FAILURES",
                    "level": "",
                    "value": "10"
                  }
                ],
                "task_auto_retry_attempts": [
                  {
                    "default": "0",
                    "description": "Maximum Automatic Retries Allowed For A User Task",
                    "key": "TASK_AUTO_RETRY_ATTEMPTS",
                    "level": "",
                    "value": "0"
                  }
                ],
                "time_input_format": [
                  {
                    "default": "AUTO",
                    "description": "input format for time",
                    "key": "TIME_INPUT_FORMAT",
                    "level": "",
                    "value": "AUTO"
                  }
                ],
                "time_output_format": [
                  {
                    "default": "HH24:MI:SS",
                    "description": "display format for time",
                    "key": "TIME_OUTPUT_FORMAT",
                    "level": "",
                    "value": "HH24:MI:SS"
                  }
                ],
                "timestamp_day_is_always_24h": [
                  {
                    "default": "false",
                    "description": "If set, arithmetic on days always uses 24 hours per day,\npossibly not preserving the time (due to DST changes)",
                    "key": "TIMESTAMP_DAY_IS_ALWAYS_24H",
                    "level": "",
                    "value": "false"
                  }
                ],
                "timestamp_input_format": [
                  {
                    "default": "AUTO",
                    "description": "input format for timestamp",
                    "key": "TIMESTAMP_INPUT_FORMAT",
                    "level": "",
                    "value": "AUTO"
                  }
                ],
                "timestamp_ltz_output_format": [
                  {
                    "default": "",
                    "description": "Display format for TIMESTAMP_LTZ values. If empty, TIMESTAMP_OUTPUT_FORMAT is used.",
                    "key": "TIMESTAMP_LTZ_OUTPUT_FORMAT",
                    "level": "",
                    "value": ""
                  }
                ],
                "timestamp_ntz_output_format": [
                  {
                    "default": "YYYY-MM-DD HH24:MI:SS.FF3",
                    "description": "Display format for TIMESTAMP_NTZ values. If empty, TIMESTAMP_OUTPUT_FORMAT is used.",
                    "key": "TIMESTAMP_NTZ_OUTPUT_FORMAT",
                    "level": "",
                    "value": "YYYY-MM-DD HH24:MI:SS.FF3"
                  }
                ],
                "timestamp_output_format": [
                  {
                    "default": "YYYY-MM-DD HH24:MI:SS.FF3 TZHTZM",
                    "description": "Default display format for all timestamp types.",
                    "key": "TIMESTAMP_OUTPUT_FORMAT",
                    "level": "",
                    "value": "YYYY-MM-DD HH24:MI:SS.FF3 TZHTZM"
                  }
                ],
                "timestamp_type_mapping": [
                  {
                    "default": "TIMESTAMP_NTZ",
                    "description": "If TIMESTAMP type is used, what specific TIMESTAMP* type it should map to:\n  TIMESTAMP_LTZ, TIMESTAMP_NTZ (default) or TIMESTAMP_TZ",
                    "key": "TIMESTAMP_TYPE_MAPPING",
                    "level": "",
                    "value": "TIMESTAMP_NTZ"
                  }
                ],
                "timestamp_tz_output_format": [
                  {
                    "default": "",
                    "description": "Display format for TIMESTAMP_TZ values. If empty, TIMESTAMP_OUTPUT_FORMAT is used.",
                    "key": "TIMESTAMP_TZ_OUTPUT_FORMAT",
                    "level": "",
                    "value": ""
                  }
                ],
                "timezone": [
                  {
                    "default": "America/Los_Angeles",
                    "description": "time zone",
                    "key": "TIMEZONE",
                    "level": "",
                    "value": "America/Los_Angeles"
                  }
                ],
                "trace_level": [
                  {
                    "default": "OFF",
                    "description": "Trace level value to use when generating/filtering trace events",
                    "key": "TRACE_LEVEL",
                    "level": "",
                    "value": "OFF"
                  }
                ],
                "transaction_abort_on_error": [
                  {
                    "default": "false",
                    "description": "If this parameter is true, and a statement issued within a non-autocommit\ntransaction returns with an error, then the non-autocommit transaction is\naborted. All statements issued inside that transaction will fail until an\ncommit or rollback statement is executed to close that transaction.",
                    "key": "TRANSACTION_ABORT_ON_ERROR",
                    "level": "",
                    "value": "false"
                  }
                ],
                "transaction_default_isolation_level": [
                  {
                    "default": "READ COMMITTED",
                    "description": "The default isolation level when starting a starting a transaction, when no\nisolation level was specified",
                    "key": "TRANSACTION_DEFAULT_ISOLATION_LEVEL",
                    "level": "",
                    "value": "READ COMMITTED"
                  }
                ],
                "two_digit_century_start": [
                  {
                    "default": "1970",
                    "description": "For 2-digit dates, defines a century-start year.\nFor example, when set to 1980:\n  - parsing a string '79' will produce 2079\n  - parsing a string '80' will produce 1980",
                    "key": "TWO_DIGIT_CENTURY_START",
                    "level": "",
                    "value": "1970"
                  }
                ],
                "unsupported_ddl_action": [
                  {
                    "default": "ignore",
                    "description": "The action to take upon encountering an unsupported ddl statement",
                    "key": "UNSUPPORTED_DDL_ACTION",
                    "level": "",
                    "value": "ignore"
                  }
                ],
                "use_cached_result": [
                  {
                    "default": "true",
                    "description": "If enabled, query results can be reused between successive invocations of the same query as long as the original result has not expired",
                    "key": "USE_CACHED_RESULT",
                    "level": "",
                    "value": "true"
                  }
                ],
                "user_task_managed_initial_warehouse_size": [
                  {
                    "default": "Medium",
                    "description": "The initial size of warehouse to use for managed warehouses in the absence of history",
                    "key": "USER_TASK_MANAGED_INITIAL_WAREHOUSE_SIZE",
                    "level": "",
                    "value": "Medium"
                  }
                ],
                "user_task_minimum_trigger_interval_in_seconds": [
                  {
                    "default": "30",
                    "description": "Minimum amount of time between Triggered Task executions in seconds",
                    "key": "USER_TASK_MINIMUM_TRIGGER_INTERVAL_IN_SECONDS",
                    "level": "",
                    "value": "30"
                  }
                ],
                "user_task_timeout_ms": [
                  {
                    "default": "3600000",
                    "description": "User task execution timeout in milliseconds",
                    "key": "USER_TASK_TIMEOUT_MS",
                    "level": "",
                    "value": "3600000"
                  }
                ],
                "week_of_year_policy": [
                  {
                    "default": "0",
                    "description": "Defines the policy of assigning weeks to years:\n0: the week needs to have 4 days in a given year;\n1: a week with January 1st always belongs to a given year.",
                    "key": "WEEK_OF_YEAR_POLICY",
                    "level": "",
                    "value": "0"
                  }
                ],
                "week_start": [
                  {
                    "default": "0",
                    "description": "Defines the first day of the week:\n0: legacy Snowflake behavior; 1: Monday .. 7: Sunday.",
                    "key": "WEEK_START",
                    "level": "",
                    "value": "0"
                  }
                ]
              }
            ],
            "query_tag": "",
            "quoted_identifiers_ignore_case": false,
            "rows_per_resultset": 0,
            "s3_stage_vpce_dns_name": "",
            "schedule": [],
            "schema": "TSK",
            "search_path": "$current, $public",
            "show_output": [
              {
                "allow_overlapping_execution": false,
                "budget": "",
                "comment": "",
                "condition": "",
                "config": "",
                "created_on": "2026-03-25T16:22:20.164-05:00",
                "database_name": "SESH_METADATA",
                "definition": "INSERT INTO SESH_METADATA.PUBLIC.fact_pos (\r\n  loc_id, prod_id, trans_date, trans_qty, total_sales\r\n)\r\nSELECT loc_id, prod_id, trans_date, trans_qty, total_sales\r\nFROM SESH_METADATA.BCK.pos_transactions_backup\r\nWHERE (loc_id IS NOT NULL OR prod_id IS NOT NULL)\r\nAND trans_date IS NOT NULL",
                "error_integration": "",
                "id": "01c345a2-4b25-487d-0000-00000000146d",
                "last_committed_on": "",
                "last_suspended_on": "",
                "last_suspended_reason": "",
                "name": "load_fact_pos",
                "owner": "ACCOUNTADMIN",
                "owner_role_type": "ROLE",
                "predecessors": [
                  "\"SESH_METADATA\".\"TSK\".\"load_pos_backup\""
                ],
                "schedule": "",
                "schema_name": "TSK",
                "state": "started",
                "task_relations": [
                  {
                    "finalized_root_task": "",
                    "finalizer": "",
                    "predecessors": [
                      "\"SESH_METADATA\".\"TSK\".\"load_pos_backup\""
                    ]
                  }
                ],
                "warehouse": "COMPUTE_WH"
              }
            ],
            "sql_statement": "INSERT INTO SESH_METADATA.PUBLIC.fact_pos (\r\n  loc_id, prod_id, trans_date, trans_qty, total_sales\r\n)\r\nSELECT loc_id, prod_id, trans_date, trans_qty, total_sales\r\nFROM SESH_METADATA.BCK.pos_transactions_backup\r\nWHERE (loc_id IS NOT NULL OR prod_id IS NOT NULL)\r\nAND trans_date IS NOT NULL",
            "started": true,
            "statement_queued_timeout_in_seconds": 0,
            "statement_timeout_in_seconds": 172800,
            "strict_json_output": false,
            "suspend_task_after_num_failures": 10,
            "task_auto_retry_attempts": 0,
            "time_input_format": "AUTO",
            "time_output_format": "HH24:MI:SS",
            "timestamp_day_is_always_24h": false,
            "timestamp_input_format": "AUTO",
            "timestamp_ltz_output_format": "",
            "timestamp_ntz_output_format": "YYYY-MM-DD HH24:MI:SS.FF3",
            "timestamp_output_format": "YYYY-MM-DD HH24:MI:SS.FF3 TZHTZM",
            "timestamp_type_mapping": "TIMESTAMP_NTZ",
            "timestamp_tz_output_format": "",
            "timezone": "America/Los_Angeles",
            "trace_level": "OFF",
            "transaction_abort_on_error": false,
            "transaction_default_isolation_level": "READ COMMITTED",
            "two_digit_century_start": 1970,
            "unsupported_ddl_action": "ignore",
            "use_cached_result": true,
            "user_task_managed_initial_warehouse_size": "Medium",
            "user_task_minimum_trigger_interval_in_seconds": 30,
            "user_task_timeout_ms": 3600000,
            "warehouse": "COMPUTE_WH",
            "week_of_year_policy": 0,
            "week_start": 0,
            "when": ""
          },
          "sensitive_attributes": [],
          "identity_schema_version": 0,
          "private": "eyJzY2hlbWFfdmVyc2lvbiI6IjEifQ==",
          "dependencies": [
            "data.archive_file.lambda_zips",
            "data.aws_secretsmanager_secret_version.snowflake_creds",
            "data.aws_secretsmanager_secret_version.snowflake_key",
            "module.compute.aws_cloudwatch_log_group.lambda",
            "module.compute.aws_iam_role.lambda",
            "module.compute.aws_iam_role_policy.additional",
            "module.compute.aws_iam_role_policy_attachment.basic_execution",
            "module.compute.aws_iam_role_policy_attachment.vpc_access",
            "module.compute.aws_lambda_alias.this",
            "module.compute.aws_lambda_function.this",
            "module.compute.aws_lambda_function_event_invoke_config.this",
            "module.compute.aws_lambda_function_url.this",
            "module.compute.aws_lambda_permission.this",
            "module.compute.aws_lambda_provisioned_concurrency_config.this",
            "module.compute.data.aws_iam_policy_document.assume_role",
            "module.storage.aws_iam_role.snowflake",
            "module.storage.snowflake_file_format.csv",
            "module.storage.snowflake_pipe.this",
            "module.storage.snowflake_stage.this",
            "module.storage.snowflake_storage_integration.this",
            "module.storage.snowflake_stream_on_table.pos_unified",
            "module.storage.snowflake_task.load_pos_backup",
            "module.storage.terraform_data.snowflake_trust"
          ]
        }
      ]
    },
    {
      "module": "module.storage[\"s3_bucket_transformed\"]",
      "mode": "managed",
      "type": "snowflake_task",
      "name": "load_pos_backup",
      "provider": "provider[\"registry.terraform.io/snowflake-labs/snowflake\"]",
      "instances": [
        {
          "index_key": 0,
          "schema_version": 1,
          "attributes": {
            "abort_detached_query": false,
            "after": [],
            "allow_overlapping_execution": "default",
            "autocommit": true,
            "binary_input_format": "HEX",
            "binary_output_format": "HEX",
            "client_memory_limit": 1536,
            "client_metadata_request_use_connection_ctx": false,
            "client_prefetch_threads": 4,
            "client_result_chunk_size": 160,
            "client_result_column_case_insensitive": false,
            "client_session_keep_alive": false,
            "client_session_keep_alive_heartbeat_frequency": 3600,
            "client_timestamp_type_mapping": "TIMESTAMP_LTZ",
            "comment": "",
            "config": "",
            "database": "SESH_METADATA",
            "date_input_format": "AUTO",
            "date_output_format": "YYYY-MM-DD",
            "enable_unload_physical_type_optimization": true,
            "error_integration": "",
            "error_on_nondeterministic_merge": true,
            "error_on_nondeterministic_update": false,
            "finalize": "",
            "fully_qualified_name": "\"SESH_METADATA\".\"TSK\".\"load_pos_backup\"",
            "geography_output_format": "GeoJSON",
            "geometry_output_format": "GeoJSON",
            "id": "\"SESH_METADATA\".\"TSK\".\"load_pos_backup\"",
            "jdbc_treat_timestamp_ntz_as_utc": false,
            "jdbc_use_session_timezone": true,
            "json_indent": 2,
            "lock_timeout": 43200,
            "log_level": "OFF",
            "multi_statement_count": 1,
            "name": "load_pos_backup",
            "noorder_sequence_as_default": true,
            "odbc_treat_decimal_as_int": false,
            "parameters": [
              {
                "abort_detached_query": [
                  {
                    "default": "false",
                    "description": "If true, Snowflake will automatically abort queries when it detects that the client has disappeared.",
                    "key": "ABORT_DETACHED_QUERY",
                    "level": "",
                    "value": "false"
                  }
                ],
                "autocommit": [
                  {
                    "default": "true",
                    "description": "The autocommit property determines whether is statement should to be implicitly\nwrapped within a transaction or not. If autocommit is set to true, then a \nstatement that requires a transaction is executed within a transaction \nimplicitly. If autocommit is off then an explicit commit or rollback is required\nto close a transaction. The default autocommit value is true.",
                    "key": "AUTOCOMMIT",
                    "level": "",
                    "value": "true"
                  }
                ],
                "binary_input_format": [
                  {
                    "default": "HEX",
                    "description": "input format for binary",
                    "key": "BINARY_INPUT_FORMAT",
                    "level": "",
                    "value": "HEX"
                  }
                ],
                "binary_output_format": [
                  {
                    "default": "HEX",
                    "description": "display format for binary",
                    "key": "BINARY_OUTPUT_FORMAT",
                    "level": "",
                    "value": "HEX"
                  }
                ],
                "client_memory_limit": [
                  {
                    "default": "1536",
                    "description": "Limit the amount of memory used by the client in MB",
                    "key": "CLIENT_MEMORY_LIMIT",
                    "level": "",
                    "value": "1536"
                  }
                ],
                "client_metadata_request_use_connection_ctx": [
                  {
                    "default": "false",
                    "description": "For client metadata request(getTables()), use session catalog and schema if set to true",
                    "key": "CLIENT_METADATA_REQUEST_USE_CONNECTION_CTX",
                    "level": "",
                    "value": "false"
                  }
                ],
                "client_prefetch_threads": [
                  {
                    "default": "4",
                    "description": "Customer parameter to control threads, 0=auto",
                    "key": "CLIENT_PREFETCH_THREADS",
                    "level": "",
                    "value": "4"
                  }
                ],
                "client_result_chunk_size": [
                  {
                    "default": "160",
                    "description": "Set the max result chunk size in MB on the client side",
                    "key": "CLIENT_RESULT_CHUNK_SIZE",
                    "level": "",
                    "value": "160"
                  }
                ],
                "client_result_column_case_insensitive": [
                  {
                    "default": "false",
                    "description": "Column name search is case insensitive in clients",
                    "key": "CLIENT_RESULT_COLUMN_CASE_INSENSITIVE",
                    "level": "",
                    "value": "false"
                  }
                ],
                "client_session_keep_alive": [
                  {
                    "default": "false",
                    "description": "If true, client session will not expire automatically",
                    "key": "CLIENT_SESSION_KEEP_ALIVE",
                    "level": "",
                    "value": "false"
                  }
                ],
                "client_session_keep_alive_heartbeat_frequency": [
                  {
                    "default": "3600",
                    "description": "Heartbeat frequency in seconds for CLIENT_SESSION_KEEP_ALIVE.",
                    "key": "CLIENT_SESSION_KEEP_ALIVE_HEARTBEAT_FREQUENCY",
                    "level": "",
                    "value": "3600"
                  }
                ],
                "client_timestamp_type_mapping": [
                  {
                    "default": "TIMESTAMP_LTZ",
                    "description": "If a variable is bound to the TIMESTAMP data type using the bind API, determines which TIMESTAMP* type it should map to:\n  TIMESTAMP_LTZ (default), TIMESTAMP_NTZ",
                    "key": "CLIENT_TIMESTAMP_TYPE_MAPPING",
                    "level": "",
                    "value": "TIMESTAMP_LTZ"
                  }
                ],
                "date_input_format": [
                  {
                    "default": "AUTO",
                    "description": "input format for date",
                    "key": "DATE_INPUT_FORMAT",
                    "level": "",
                    "value": "AUTO"
                  }
                ],
                "date_output_format": [
                  {
                    "default": "YYYY-MM-DD",
                    "description": "display format for date",
                    "key": "DATE_OUTPUT_FORMAT",
                    "level": "",
                    "value": "YYYY-MM-DD"
                  }
                ],
                "enable_unload_physical_type_optimization": [
                  {
                    "default": "true",
                    "description": "Enable physical-type optimizations used in Snowflake to affect the Parquet output",
                    "key": "ENABLE_UNLOAD_PHYSICAL_TYPE_OPTIMIZATION",
                    "level": "",
                    "value": "true"
                  }
                ],
                "error_on_nondeterministic_merge": [
                  {
                    "default": "true",
                    "description": "raise an error when attempting to merge-update a row that joins many rows",
                    "key": "ERROR_ON_NONDETERMINISTIC_MERGE",
                    "level": "",
                    "value": "true"
                  }
                ],
                "error_on_nondeterministic_update": [
                  {
                    "default": "false",
                    "description": "raise an error when attempting to update a row that joins many rows",
                    "key": "ERROR_ON_NONDETERMINISTIC_UPDATE",
                    "level": "",
                    "value": "false"
                  }
                ],
                "geography_output_format": [
                  {
                    "default": "GeoJSON",
                    "description": "GEOGRAPHY display format: GeoJSON, WKT, or WKB(case-insensitive)",
                    "key": "GEOGRAPHY_OUTPUT_FORMAT",
                    "level": "",
                    "value": "GeoJSON"
                  }
                ],
                "geometry_output_format": [
                  {
                    "default": "GeoJSON",
                    "description": "GEOMETRY display format: GeoJSON, WKT, or WKB(case-insensitive)",
                    "key": "GEOMETRY_OUTPUT_FORMAT",
                    "level": "",
                    "value": "GeoJSON"
                  }
                ],
                "jdbc_treat_timestamp_ntz_as_utc": [
                  {
                    "default": "false",
                    "description": "When true, Timestamp_NTZ values are always stored in UTC timezone",
                    "key": "JDBC_TREAT_TIMESTAMP_NTZ_AS_UTC",
                    "level": "",
                    "value": "false"
                  }
                ],
                "jdbc_use_session_timezone": [
                  {
                    "default": "true",
                    "description": "When true, JDBC driver will not display timezone offset between JVM and session.",
                    "key": "JDBC_USE_SESSION_TIMEZONE",
                    "level": "",
                    "value": "true"
                  }
                ],
                "json_indent": [
                  {
                    "default": "2",
                    "description": "Width of indentation in JSON output (0 for compact)",
                    "key": "JSON_INDENT",
                    "level": "",
                    "value": "2"
                  }
                ],
                "lock_timeout": [
                  {
                    "default": "43200",
                    "description": "Number of seconds to wait while trying to lock a resource, before timing out \nand aborting the statement. A value of 0 turns off lock waiting i.e. the \nstatement must acquire the lock immediately or abort. If multiple resources \nneed to be locked by the statement, the timeout applies separately to each \nlock attempt.",
                    "key": "LOCK_TIMEOUT",
                    "level": "",
                    "value": "43200"
                  }
                ],
                "log_level": [
                  {
                    "default": "OFF",
                    "description": "LOG_LEVEL to use when filtering events",
                    "key": "LOG_LEVEL",
                    "level": "",
                    "value": "OFF"
                  }
                ],
                "multi_statement_count": [
                  {
                    "default": "1",
                    "description": "Number of statement included in submitted query text.\nThis parameter is submitted by user to avoid sql injection.\nValue 1 means one statement, value \u003e 1 means n statement\ncan be executed, if not equal to the value will raise the\nexception. Value 0 means any number of statement can be\n executed",
                    "key": "MULTI_STATEMENT_COUNT",
                    "level": "",
                    "value": "1"
                  }
                ],
                "noorder_sequence_as_default": [
                  {
                    "default": "true",
                    "description": "Whether we make NOORDER the default option for creating new sequences",
                    "key": "NOORDER_SEQUENCE_AS_DEFAULT",
                    "level": "",
                    "value": "true"
                  }
                ],
                "odbc_treat_decimal_as_int": [
                  {
                    "default": "false",
                    "description": "When scale is 0, whether to treat Decimal as Int in ODBC",
                    "key": "ODBC_TREAT_DECIMAL_AS_INT",
                    "level": "",
                    "value": "false"
                  }
                ],
                "query_tag": [
                  {
                    "default": "",
                    "description": "String (up to 2000 characters) used to tag statements executed by the session",
                    "key": "QUERY_TAG",
                    "level": "",
                    "value": ""
                  }
                ],
                "quoted_identifiers_ignore_case": [
                  {
                    "default": "false",
                    "description": "If true, the case of quoted identifiers is ignored",
                    "key": "QUOTED_IDENTIFIERS_IGNORE_CASE",
                    "level": "",
                    "value": "false"
                  }
                ],
                "rows_per_resultset": [
                  {
                    "default": "0",
                    "description": "maxium number of rows in a result set",
                    "key": "ROWS_PER_RESULTSET",
                    "level": "",
                    "value": "0"
                  }
                ],
                "s3_stage_vpce_dns_name": [
                  {
                    "default": "",
                    "description": "S3 VPCE DNS name to access internal stage bucket over privatelink",
                    "key": "S3_STAGE_VPCE_DNS_NAME",
                    "level": "",
                    "value": ""
                  }
                ],
                "search_path": [
                  {
                    "default": "$current, $public",
                    "description": "Search path for unqualified object references.",
                    "key": "SEARCH_PATH",
                    "level": "",
                    "value": "$current, $public"
                  }
                ],
                "statement_queued_timeout_in_seconds": [
                  {
                    "default": "0",
                    "description": "Timeout in seconds for queued statements: statements will automatically be canceled if they are queued on a warehouse for longer than this amount of time; disabled if set to zero.",
                    "key": "STATEMENT_QUEUED_TIMEOUT_IN_SECONDS",
                    "level": "",
                    "value": "0"
                  }
                ],
                "statement_timeout_in_seconds": [
                  {
                    "default": "172800",
                    "description": "Timeout in seconds for statements: statements are automatically canceled if they run for longer; if set to zero, max value (604800) is enforced.",
                    "key": "STATEMENT_TIMEOUT_IN_SECONDS",
                    "level": "",
                    "value": "172800"
                  }
                ],
                "strict_json_output": [
                  {
                    "default": "false",
                    "description": "JSON output is strictly compliant to the specification",
                    "key": "STRICT_JSON_OUTPUT",
                    "level": "",
                    "value": "false"
                  }
                ],
                "suspend_task_after_num_failures": [
                  {
                    "default": "10",
                    "description": "How many times a task must fail in a row before it is automatically suspended. 0 disables auto-suspending.",
                    "key": "SUSPEND_TASK_AFTER_NUM_FAILURES",
                    "level": "",
                    "value": "10"
                  }
                ],
                "task_auto_retry_attempts": [
                  {
                    "default": "0",
                    "description": "Maximum Automatic Retries Allowed For A User Task",
                    "key": "TASK_AUTO_RETRY_ATTEMPTS",
                    "level": "",
                    "value": "0"
                  }
                ],
                "time_input_format": [
                  {
                    "default": "AUTO",
                    "description": "input format for time",
                    "key": "TIME_INPUT_FORMAT",
                    "level": "",
                    "value": "AUTO"
                  }
                ],
                "time_output_format": [
                  {
                    "default": "HH24:MI:SS",
                    "description": "display format for time",
                    "key": "TIME_OUTPUT_FORMAT",
                    "level": "",
                    "value": "HH24:MI:SS"
                  }
                ],
                "timestamp_day_is_always_24h": [
                  {
                    "default": "false",
                    "description": "If set, arithmetic on days always uses 24 hours per day,\npossibly not preserving the time (due to DST changes)",
                    "key": "TIMESTAMP_DAY_IS_ALWAYS_24H",
                    "level": "",
                    "value": "false"
                  }
                ],
                "timestamp_input_format": [
                  {
                    "default": "AUTO",
                    "description": "input format for timestamp",
                    "key": "TIMESTAMP_INPUT_FORMAT",
                    "level": "",
                    "value": "AUTO"
                  }
                ],
                "timestamp_ltz_output_format": [
                  {
                    "default": "",
                    "description": "Display format for TIMESTAMP_LTZ values. If empty, TIMESTAMP_OUTPUT_FORMAT is used.",
                    "key": "TIMESTAMP_LTZ_OUTPUT_FORMAT",
                    "level": "",
                    "value": ""
                  }
                ],
                "timestamp_ntz_output_format": [
                  {
                    "default": "YYYY-MM-DD HH24:MI:SS.FF3",
                    "description": "Display format for TIMESTAMP_NTZ values. If empty, TIMESTAMP_OUTPUT_FORMAT is used.",
                    "key": "TIMESTAMP_NTZ_OUTPUT_FORMAT",
                    "level": "",
                    "value": "YYYY-MM-DD HH24:MI:SS.FF3"
                  }
                ],
                "timestamp_output_format": [
                  {
                    "default": "YYYY-MM-DD HH24:MI:SS.FF3 TZHTZM",
                    "description": "Default display format for all timestamp types.",
                    "key": "TIMESTAMP_OUTPUT_FORMAT",
                    "level": "",
                    "value": "YYYY-MM-DD HH24:MI:SS.FF3 TZHTZM"
                  }
                ],
                "timestamp_type_mapping": [
                  {
                    "default": "TIMESTAMP_NTZ",
                    "description": "If TIMESTAMP type is used, what specific TIMESTAMP* type it should map to:\n  TIMESTAMP_LTZ, TIMESTAMP_NTZ (default) or TIMESTAMP_TZ",
                    "key": "TIMESTAMP_TYPE_MAPPING",
                    "level": "",
                    "value": "TIMESTAMP_NTZ"
                  }
                ],
                "timestamp_tz_output_format": [
                  {
                    "default": "",
                    "description": "Display format for TIMESTAMP_TZ values. If empty, TIMESTAMP_OUTPUT_FORMAT is used.",
                    "key": "TIMESTAMP_TZ_OUTPUT_FORMAT",
                    "level": "",
                    "value": ""
                  }
                ],
                "timezone": [
                  {
                    "default": "America/Los_Angeles",
                    "description": "time zone",
                    "key": "TIMEZONE",
                    "level": "",
                    "value": "America/Los_Angeles"
                  }
                ],
                "trace_level": [
                  {
                    "default": "OFF",
                    "description": "Trace level value to use when generating/filtering trace events",
                    "key": "TRACE_LEVEL",
                    "level": "",
                    "value": "OFF"
                  }
                ],
                "transaction_abort_on_error": [
                  {
                    "default": "false",
                    "description": "If this parameter is true, and a statement issued within a non-autocommit\ntransaction returns with an error, then the non-autocommit transaction is\naborted. All statements issued inside that transaction will fail until an\ncommit or rollback statement is executed to close that transaction.",
                    "key": "TRANSACTION_ABORT_ON_ERROR",
                    "level": "",
                    "value": "false"
                  }
                ],
                "transaction_default_isolation_level": [
                  {
                    "default": "READ COMMITTED",
                    "description": "The default isolation level when starting a starting a transaction, when no\nisolation level was specified",
                    "key": "TRANSACTION_DEFAULT_ISOLATION_LEVEL",
                    "level": "",
                    "value": "READ COMMITTED"
                  }
                ],
                "two_digit_century_start": [
                  {
                    "default": "1970",
                    "description": "For 2-digit dates, defines a century-start year.\nFor example, when set to 1980:\n  - parsing a string '79' will produce 2079\n  - parsing a string '80' will produce 1980",
                    "key": "TWO_DIGIT_CENTURY_START",
                    "level": "",
                    "value": "1970"
                  }
                ],
                "unsupported_ddl_action": [
                  {
                    "default": "ignore",
                    "description": "The action to take upon encountering an unsupported ddl statement",
                    "key": "UNSUPPORTED_DDL_ACTION",
                    "level": "",
                    "value": "ignore"
                  }
                ],
                "use_cached_result": [
                  {
                    "default": "true",
                    "description": "If enabled, query results can be reused between successive invocations of the same query as long as the original result has not expired",
                    "key": "USE_CACHED_RESULT",
                    "level": "",
                    "value": "true"
                  }
                ],
                "user_task_managed_initial_warehouse_size": [
                  {
                    "default": "Medium",
                    "description": "The initial size of warehouse to use for managed warehouses in the absence of history",
                    "key": "USER_TASK_MANAGED_INITIAL_WAREHOUSE_SIZE",
                    "level": "",
                    "value": "Medium"
                  }
                ],
                "user_task_minimum_trigger_interval_in_seconds": [
                  {
                    "default": "30",
                    "description": "Minimum amount of time between Triggered Task executions in seconds",
                    "key": "USER_TASK_MINIMUM_TRIGGER_INTERVAL_IN_SECONDS",
                    "level": "",
                    "value": "30"
                  }
                ],
                "user_task_timeout_ms": [
                  {
                    "default": "3600000",
                    "description": "User task execution timeout in milliseconds",
                    "key": "USER_TASK_TIMEOUT_MS",
                    "level": "",
                    "value": "3600000"
                  }
                ],
                "week_of_year_policy": [
                  {
                    "default": "0",
                    "description": "Defines the policy of assigning weeks to years:\n0: the week needs to have 4 days in a given year;\n1: a week with January 1st always belongs to a given year.",
                    "key": "WEEK_OF_YEAR_POLICY",
                    "level": "",
                    "value": "0"
                  }
                ],
                "week_start": [
                  {
                    "default": "0",
                    "description": "Defines the first day of the week:\n0: legacy Snowflake behavior; 1: Monday .. 7: Sunday.",
                    "key": "WEEK_START",
                    "level": "",
                    "value": "0"
                  }
                ]
              }
            ],
            "query_tag": "",
            "quoted_identifiers_ignore_case": false,
            "rows_per_resultset": 0,
            "s3_stage_vpce_dns_name": "",
            "schedule": [
              {
                "minutes": 1,
                "using_cron": ""
              }
            ],
            "schema": "TSK",
            "search_path": "$current, $public",
            "show_output": [
              {
                "allow_overlapping_execution": false,
                "budget": "",
                "comment": "",
                "condition": "",
                "config": "",
                "created_on": "2026-03-25T16:01:29.126-05:00",
                "database_name": "SESH_METADATA",
                "definition": "INSERT INTO SESH_METADATA.BCK.pos_transactions_backup (\r\n  loc_id, prod_id, store_code, city_id, state_id, county_id,\r\n  address, keys_used, product_upc, trans_date, trans_qty, total_sales\r\n)\r\nWITH stg_data AS (\r\n  SELECT * FROM SESH_METADATA.STG.stg_pos_unified_dev_stream\r\n  WHERE METADATA$ACTION = 'INSERT'\r\n),\r\nchild_ids AS (\r\n  SELECT\r\n    s.*,\r\n    dc.city_id,\r\n    dst.state_id,\r\n    dco.county_id\r\n  FROM stg_data s\r\n  LEFT JOIN SESH_METADATA.PUBLIC.dim_city dc\r\n    ON  s.CITY IS NOT NULL\r\n    AND UPPER(TRIM(s.CITY))     = UPPER(TRIM(dc.city_name))\r\n    AND (s.POSTAL_CODE IS NULL OR TRIM(s.POSTAL_CODE) = TRIM(dc.postal_code))\r\n  LEFT JOIN SESH_METADATA.PUBLIC.dim_state dst\r\n    ON  s.STATE IS NOT NULL\r\n    AND UPPER(TRIM(s.STATE))    = UPPER(TRIM(dst.state_name))\r\n  LEFT JOIN SESH_METADATA.PUBLIC.dim_county dco\r\n    ON  s.COUNTY IS NOT NULL\r\n    AND UPPER(TRIM(s.COUNTY))   = UPPER(TRIM(dco.county_name))\r\n),\r\nloc_matched AS (\r\n  SELECT\r\n    c.*,\r\n    dl.loc_id,\r\n    TRIM(\r\n      IFF(c.STORE_CODE IS NOT NULL,                            'STORE_CODE ',  '') ||\r\n      IFF(c.city_id IS NOT NULL AND c.POSTAL_CODE IS NOT NULL, 'CITY+POSTAL ', '') ||\r\n      IFF(c.city_id IS NOT NULL AND c.POSTAL_CODE IS NULL,     'CITY_ONLY ',   '') ||\r\n      IFF(c.state_id   IS NOT NULL,                            'STATE ',       '') ||\r\n      IFF(c.county_id  IS NOT NULL,                            'COUNTY ',      '') ||\r\n      IFF(c.ADDRESS    IS NOT NULL,                            'ADDRESS ',     '') ||\r\n      IFF(c.STORE_NAME IS NOT NULL,                            'STORE_NAME ',  '')  -- ← add\r\n    ) AS keys_used\r\n  FROM child_ids c\r\n  LEFT JOIN SESH_METADATA.PUBLIC.dim_location dl\r\n    ON  (dl.store_code::STRING = c.STORE_CODE::STRING\r\n    AND (c.city_id   IS NULL OR dl.city_id   = c.city_id)\r\n    AND (c.state_id  IS NULL OR dl.state_id  = c.state_id)\r\n    AND (c.county_id IS NULL OR dl.county_id = c.county_id)\r\n    AND (c.ADDRESS   IS NULL OR UPPER(TRIM(dl.address)) = UPPER(TRIM(c.ADDRESS))))\r\n    OR\r\n      (c.STORE_NAME IS NOT NULL \r\n        AND UPPER(TRIM(dl.loc_name)) = UPPER(TRIM(c.STORE_NAME))\r\n      )\r\n),\r\nfully_resolved AS (\r\n  SELECT lm.*, p.prod_id\r\n  FROM loc_matched lm\r\n  LEFT JOIN SESH_METADATA.PUBLIC.dim_product p\r\n    ON lm.product_upc = p.upc\r\n)\r\nSELECT\r\n  loc_id, prod_id, STORE_CODE, city_id, state_id, county_id,\r\n  ADDRESS, keys_used, product_upc,\r\n  TRY_CAST(week_ending AS DATE) AS trans_date,\r\n  eq_units::NUMBER(18,2)        AS trans_qty,\r\n  sales::NUMBER(18,4)           AS total_sales\r\nFROM fully_resolved",
                "error_integration": "",
                "id": "01c3458d-aede-c4c1-0000-0000000014ab",
                "last_committed_on": "2026-03-25T16:22:17.914-05:00",
                "last_suspended_on": "2026-03-25T16:22:16.488-05:00",
                "last_suspended_reason": "USER_SUSPENDED",
                "name": "load_pos_backup",
                "owner": "ACCOUNTADMIN",
                "owner_role_type": "ROLE",
                "predecessors": [],
                "schedule": "1 MINUTE",
                "schema_name": "TSK",
                "state": "started",
                "task_relations": [
                  {
                    "finalized_root_task": "",
                    "finalizer": "",
                    "predecessors": []
                  }
                ],
                "warehouse": "COMPUTE_WH"
              }
            ],
            "sql_statement": "INSERT INTO SESH_METADATA.BCK.pos_transactions_backup (\r\n  loc_id, prod_id, store_code, city_id, state_id, county_id,\r\n  address, keys_used, product_upc, trans_date, trans_qty, total_sales\r\n)\r\nWITH stg_data AS (\r\n  SELECT * FROM SESH_METADATA.STG.stg_pos_unified_dev_stream\r\n  WHERE METADATA$ACTION = 'INSERT'\r\n),\r\nchild_ids AS (\r\n  SELECT\r\n    s.*,\r\n    dc.city_id,\r\n    dst.state_id,\r\n    dco.county_id\r\n  FROM stg_data s\r\n  LEFT JOIN SESH_METADATA.PUBLIC.dim_city dc\r\n    ON  s.CITY IS NOT NULL\r\n    AND UPPER(TRIM(s.CITY))     = UPPER(TRIM(dc.city_name))\r\n    AND (s.POSTAL_CODE IS NULL OR TRIM(s.POSTAL_CODE) = TRIM(dc.postal_code))\r\n  LEFT JOIN SESH_METADATA.PUBLIC.dim_state dst\r\n    ON  s.STATE IS NOT NULL\r\n    AND UPPER(TRIM(s.STATE))    = UPPER(TRIM(dst.state_name))\r\n  LEFT JOIN SESH_METADATA.PUBLIC.dim_county dco\r\n    ON  s.COUNTY IS NOT NULL\r\n    AND UPPER(TRIM(s.COUNTY))   = UPPER(TRIM(dco.county_name))\r\n),\r\nloc_matched AS (\r\n  SELECT\r\n    c.*,\r\n    dl.loc_id,\r\n    TRIM(\r\n      IFF(c.STORE_CODE IS NOT NULL,                            'STORE_CODE ',  '') ||\r\n      IFF(c.city_id IS NOT NULL AND c.POSTAL_CODE IS NOT NULL, 'CITY+POSTAL ', '') ||\r\n      IFF(c.city_id IS NOT NULL AND c.POSTAL_CODE IS NULL,     'CITY_ONLY ',   '') ||\r\n      IFF(c.state_id   IS NOT NULL,                            'STATE ',       '') ||\r\n      IFF(c.county_id  IS NOT NULL,                            'COUNTY ',      '') ||\r\n      IFF(c.ADDRESS    IS NOT NULL,                            'ADDRESS ',     '') ||\r\n      IFF(c.STORE_NAME IS NOT NULL,                            'STORE_NAME ',  '')  -- ← add\r\n    ) AS keys_used\r\n  FROM child_ids c\r\n  LEFT JOIN SESH_METADATA.PUBLIC.dim_location dl\r\n    ON  (dl.store_code::STRING = c.STORE_CODE::STRING\r\n    AND (c.city_id   IS NULL OR dl.city_id   = c.city_id)\r\n    AND (c.state_id  IS NULL OR dl.state_id  = c.state_id)\r\n    AND (c.county_id IS NULL OR dl.county_id = c.county_id)\r\n    AND (c.ADDRESS   IS NULL OR UPPER(TRIM(dl.address)) = UPPER(TRIM(c.ADDRESS))))\r\n    OR\r\n      (c.STORE_NAME IS NOT NULL \r\n        AND UPPER(TRIM(dl.loc_name)) = UPPER(TRIM(c.STORE_NAME))\r\n      )\r\n),\r\nfully_resolved AS (\r\n  SELECT lm.*, p.prod_id\r\n  FROM loc_matched lm\r\n  LEFT JOIN SESH_METADATA.PUBLIC.dim_product p\r\n    ON lm.product_upc = p.upc\r\n)\r\nSELECT\r\n  loc_id, prod_id, STORE_CODE, city_id, state_id, county_id,\r\n  ADDRESS, keys_used, product_upc,\r\n  TRY_CAST(week_ending AS DATE) AS trans_date,\r\n  eq_units::NUMBER(18,2)        AS trans_qty,\r\n  sales::NUMBER(18,4)           AS total_sales\r\nFROM fully_resolved",
            "started": true,
            "statement_queued_timeout_in_seconds": 0,
            "statement_timeout_in_seconds": 172800,
            "strict_json_output": false,
            "suspend_task_after_num_failures": 10,
            "task_auto_retry_attempts": 0,
            "time_input_format": "AUTO",
            "time_output_format": "HH24:MI:SS",
            "timestamp_day_is_always_24h": false,
            "timestamp_input_format": "AUTO",
            "timestamp_ltz_output_format": "",
            "timestamp_ntz_output_format": "YYYY-MM-DD HH24:MI:SS.FF3",
            "timestamp_output_format": "YYYY-MM-DD HH24:MI:SS.FF3 TZHTZM",
            "timestamp_type_mapping": "TIMESTAMP_NTZ",
            "timestamp_tz_output_format": "",
            "timezone": "America/Los_Angeles",
            "trace_level": "OFF",
            "transaction_abort_on_error": false,
            "transaction_default_isolation_level": "READ COMMITTED",
            "two_digit_century_start": 1970,
            "unsupported_ddl_action": "ignore",
            "use_cached_result": true,
            "user_task_managed_initial_warehouse_size": "Medium",
            "user_task_minimum_trigger_interval_in_seconds": 30,
            "user_task_timeout_ms": 3600000,
            "warehouse": "COMPUTE_WH",
            "week_of_year_policy": 0,
            "week_start": 0,
            "when": ""
          },
          "sensitive_attributes": [],
          "identity_schema_version": 0,
          "private": "eyJzY2hlbWFfdmVyc2lvbiI6IjEifQ==",
          "dependencies": [
            "data.archive_file.lambda_zips",
            "data.aws_secretsmanager_secret_version.snowflake_creds",
            "data.aws_secretsmanager_secret_version.snowflake_key",
            "module.compute.aws_cloudwatch_log_group.lambda",
            "module.compute.aws_iam_role.lambda",
            "module.compute.aws_iam_role_policy.additional",
            "module.compute.aws_iam_role_policy_attachment.basic_execution",
            "module.compute.aws_iam_role_policy_attachment.vpc_access",
            "module.compute.aws_lambda_alias.this",
            "module.compute.aws_lambda_function.this",
            "module.compute.aws_lambda_function_event_invoke_config.this",
            "module.compute.aws_lambda_function_url.this",
            "module.compute.aws_lambda_permission.this",
            "module.compute.aws_lambda_provisioned_concurrency_config.this",
            "module.compute.data.aws_iam_policy_document.assume_role",
            "module.storage.aws_iam_role.snowflake",
            "module.storage.snowflake_file_format.csv",
            "module.storage.snowflake_pipe.this",
            "module.storage.snowflake_stage.this",
            "module.storage.snowflake_storage_integration.this",
            "module.storage.snowflake_stream_on_table.pos_unified",
            "module.storage.terraform_data.snowflake_trust"
          ]
        }
      ]
    },
    {
      "module": "module.storage[\"s3_bucket_transformed\"]",
      "mode": "managed",
      "type": "terraform_data",
      "name": "snowflake_trust",
      "provider": "provider[\"terraform.io/builtin/terraform\"]",
      "instances": [
        {
          "index_key": 0,
          "schema_version": 0,
          "attributes": {
            "id": "1d7c810e-758b-b1f4-a65a-3695936f3227",
            "input": null,
            "output": null,
            "triggers_replace": {
              "value": [
                "arn:aws:iam::448049826774:user/bznw0000-s",
                "SZ87870_SFCRole=4_WuW1arkOGLbiU+EH574N/K2ATck="
              ],
              "type": [
                "tuple",
                [
                  "string",
                  "string"
                ]
              ]
            }
          },
          "sensitive_attributes": [],
          "identity_schema_version": 0,
          "dependencies": [
            "data.archive_file.lambda_zips",
            "data.aws_secretsmanager_secret_version.snowflake_creds",
            "data.aws_secretsmanager_secret_version.snowflake_key",
            "module.compute.aws_cloudwatch_log_group.lambda",
            "module.compute.aws_iam_role.lambda",
            "module.compute.aws_iam_role_policy.additional",
            "module.compute.aws_iam_role_policy_attachment.basic_execution",
            "module.compute.aws_iam_role_policy_attachment.vpc_access",
            "module.compute.aws_lambda_alias.this",
            "module.compute.aws_lambda_function.this",
            "module.compute.aws_lambda_function_event_invoke_config.this",
            "module.compute.aws_lambda_function_url.this",
            "module.compute.aws_lambda_permission.this",
            "module.compute.aws_lambda_provisioned_concurrency_config.this",
            "module.compute.data.aws_iam_policy_document.assume_role",
            "module.storage.aws_iam_role.snowflake",
            "module.storage.snowflake_storage_integration.this"
          ]
        }
      ]
    },
    {
      "module": "module.storage[\"s3_product_upc_mapping\"]",
      "mode": "managed",
      "type": "aws_s3_bucket",
      "name": "this",
      "provider": "provider[\"registry.terraform.io/hashicorp/aws\"]",
      "instances": [
        {
          "schema_version": 0,
          "attributes": {
            "acceleration_status": "",
            "acl": null,
            "arn": "arn:aws:s3:::product-upc-mapping",
            "bucket": "product-upc-mapping",
            "bucket_domain_name": "product-upc-mapping.s3.amazonaws.com",
            "bucket_prefix": "",
            "bucket_regional_domain_name": "product-upc-mapping.s3.us-east-1.amazonaws.com",
            "cors_rule": [],
            "force_destroy": false,
            "grant": [
              {
                "id": "5fcd8ea6a02e5c87db384328860138d3f3cb53460a7cbe7adffbfe6eef7f0f50",
                "permissions": [
                  "FULL_CONTROL"
                ],
                "type": "CanonicalUser",
                "uri": ""
              }
            ],
            "hosted_zone_id": "Z3AQBSTGFYJSTF",
            "id": "product-upc-mapping",
            "lifecycle_rule": [],
            "logging": [],
            "object_lock_configuration": [],
            "object_lock_enabled": false,
            "policy": "",
            "region": "us-east-1",
            "replication_configuration": [],
            "request_payer": "BucketOwner",
            "server_side_encryption_configuration": [
              {
                "rule": [
                  {
                    "apply_server_side_encryption_by_default": [
                      {
                        "kms_master_key_id": "",
                        "sse_algorithm": "AES256"
                      }
                    ],
                    "bucket_key_enabled": false
                  }
                ]
              }
            ],
            "tags": {
              "Environment": "dev",
              "Project": "pos-pipeline"
            },
            "tags_all": {
              "Environment": "dev",
              "ManagedBy": "Terraform",
              "Project": "pos-pipeline"
            },
            "timeouts": null,
            "versioning": [
              {
                "enabled": true,
                "mfa_delete": false
              }
            ],
            "website": [],
            "website_domain": null,
            "website_endpoint": null
          },
          "sensitive_attributes": [],
          "identity_schema_version": 0,
          "private": "eyJlMmJmYjczMC1lY2FhLTExZTYtOGY4OC0zNDM2M2JjN2M0YzAiOnsiY3JlYXRlIjoxMjAwMDAwMDAwMDAwLCJkZWxldGUiOjM2MDAwMDAwMDAwMDAsInJlYWQiOjEyMDAwMDAwMDAwMDAsInVwZGF0ZSI6MTIwMDAwMDAwMDAwMH19",
          "dependencies": [
            "data.archive_file.lambda_zips",
            "module.compute.aws_cloudwatch_log_group.lambda",
            "module.compute.aws_iam_role.lambda",
            "module.compute.aws_iam_role_policy.additional",
            "module.compute.aws_iam_role_policy_attachment.basic_execution",
            "module.compute.aws_iam_role_policy_attachment.vpc_access",
            "module.compute.aws_lambda_alias.this",
            "module.compute.aws_lambda_function.this",
            "module.compute.aws_lambda_function_event_invoke_config.this",
            "module.compute.aws_lambda_function_url.this",
            "module.compute.aws_lambda_permission.this",
            "module.compute.aws_lambda_provisioned_concurrency_config.this",
            "module.compute.data.aws_iam_policy_document.assume_role"
          ]
        }
      ]
    },
    {
      "module": "module.storage[\"s3_product_upc_mapping\"]",
      "mode": "managed",
      "type": "aws_s3_bucket_ownership_controls",
      "name": "this",
      "provider": "provider[\"registry.terraform.io/hashicorp/aws\"]",
      "instances": [
        {
          "schema_version": 0,
          "attributes": {
            "bucket": "product-upc-mapping",
            "id": "product-upc-mapping",
            "rule": [
              {
                "object_ownership": "BucketOwnerEnforced"
              }
            ]
          },
          "sensitive_attributes": [],
          "identity_schema_version": 0,
          "private": "bnVsbA==",
          "dependencies": [
            "data.archive_file.lambda_zips",
            "module.compute.aws_cloudwatch_log_group.lambda",
            "module.compute.aws_iam_role.lambda",
            "module.compute.aws_iam_role_policy.additional",
            "module.compute.aws_iam_role_policy_attachment.basic_execution",
            "module.compute.aws_iam_role_policy_attachment.vpc_access",
            "module.compute.aws_lambda_alias.this",
            "module.compute.aws_lambda_function.this",
            "module.compute.aws_lambda_function_event_invoke_config.this",
            "module.compute.aws_lambda_function_url.this",
            "module.compute.aws_lambda_permission.this",
            "module.compute.aws_lambda_provisioned_concurrency_config.this",
            "module.compute.data.aws_iam_policy_document.assume_role",
            "module.storage.aws_s3_bucket.this"
          ]
        }
      ]
    },
    {
      "module": "module.storage[\"s3_product_upc_mapping\"]",
      "mode": "managed",
      "type": "aws_s3_bucket_public_access_block",
      "name": "this",
      "provider": "provider[\"registry.terraform.io/hashicorp/aws\"]",
      "instances": [
        {
          "schema_version": 0,
          "attributes": {
            "block_public_acls": true,
            "block_public_policy": true,
            "bucket": "product-upc-mapping",
            "id": "product-upc-mapping",
            "ignore_public_acls": true,
            "restrict_public_buckets": true
          },
          "sensitive_attributes": [],
          "identity_schema_version": 0,
          "private": "bnVsbA==",
          "dependencies": [
            "data.archive_file.lambda_zips",
            "module.compute.aws_cloudwatch_log_group.lambda",
            "module.compute.aws_iam_role.lambda",
            "module.compute.aws_iam_role_policy.additional",
            "module.compute.aws_iam_role_policy_attachment.basic_execution",
            "module.compute.aws_iam_role_policy_attachment.vpc_access",
            "module.compute.aws_lambda_alias.this",
            "module.compute.aws_lambda_function.this",
            "module.compute.aws_lambda_function_event_invoke_config.this",
            "module.compute.aws_lambda_function_url.this",
            "module.compute.aws_lambda_permission.this",
            "module.compute.aws_lambda_provisioned_concurrency_config.this",
            "module.compute.data.aws_iam_policy_document.assume_role",
            "module.storage.aws_s3_bucket.this"
          ]
        }
      ]
    },
    {
      "module": "module.storage[\"s3_product_upc_mapping\"]",
      "mode": "managed",
      "type": "aws_s3_bucket_server_side_encryption_configuration",
      "name": "this",
      "provider": "provider[\"registry.terraform.io/hashicorp/aws\"]",
      "instances": [
        {
          "schema_version": 0,
          "attributes": {
            "bucket": "product-upc-mapping",
            "expected_bucket_owner": "",
            "id": "product-upc-mapping",
            "rule": [
              {
                "apply_server_side_encryption_by_default": [
                  {
                    "kms_master_key_id": "",
                    "sse_algorithm": "AES256"
                  }
                ],
                "bucket_key_enabled": false
              }
            ]
          },
          "sensitive_attributes": [],
          "identity_schema_version": 0,
          "private": "bnVsbA==",
          "dependencies": [
            "data.archive_file.lambda_zips",
            "module.compute.aws_cloudwatch_log_group.lambda",
            "module.compute.aws_iam_role.lambda",
            "module.compute.aws_iam_role_policy.additional",
            "module.compute.aws_iam_role_policy_attachment.basic_execution",
            "module.compute.aws_iam_role_policy_attachment.vpc_access",
            "module.compute.aws_lambda_alias.this",
            "module.compute.aws_lambda_function.this",
            "module.compute.aws_lambda_function_event_invoke_config.this",
            "module.compute.aws_lambda_function_url.this",
            "module.compute.aws_lambda_permission.this",
            "module.compute.aws_lambda_provisioned_concurrency_config.this",
            "module.compute.data.aws_iam_policy_document.assume_role",
            "module.storage.aws_s3_bucket.this"
          ]
        }
      ]
    },
    {
      "module": "module.storage[\"s3_product_upc_mapping\"]",
      "mode": "managed",
      "type": "aws_s3_bucket_versioning",
      "name": "this",
      "provider": "provider[\"registry.terraform.io/hashicorp/aws\"]",
      "instances": [
        {
          "index_key": 0,
          "schema_version": 0,
          "attributes": {
            "bucket": "product-upc-mapping",
            "expected_bucket_owner": "",
            "id": "product-upc-mapping",
            "mfa": null,
            "versioning_configuration": [
              {
                "mfa_delete": "Disabled",
                "status": "Enabled"
              }
            ]
          },
          "sensitive_attributes": [],
          "identity_schema_version": 0,
          "private": "bnVsbA==",
          "dependencies": [
            "data.archive_file.lambda_zips",
            "module.compute.aws_cloudwatch_log_group.lambda",
            "module.compute.aws_iam_role.lambda",
            "module.compute.aws_iam_role_policy.additional",
            "module.compute.aws_iam_role_policy_attachment.basic_execution",
            "module.compute.aws_iam_role_policy_attachment.vpc_access",
            "module.compute.aws_lambda_alias.this",
            "module.compute.aws_lambda_function.this",
            "module.compute.aws_lambda_function_event_invoke_config.this",
            "module.compute.aws_lambda_function_url.this",
            "module.compute.aws_lambda_permission.this",
            "module.compute.aws_lambda_provisioned_concurrency_config.this",
            "module.compute.data.aws_iam_policy_document.assume_role",
            "module.storage.aws_s3_bucket.this"
          ]
        }
      ]
    },
    {
      "module": "module.storage[\"s3_product_upc_mapping\"]",
      "mode": "managed",
      "type": "aws_s3_object",
      "name": "seed_files",
      "provider": "provider[\"registry.terraform.io/hashicorp/aws\"]",
      "instances": [
        {
          "index_key": "product_sku_mapping",
          "schema_version": 0,
          "attributes": {
            "acl": null,
            "arn": "arn:aws:s3:::product-upc-mapping/product-sku.csv",
            "bucket": "product-upc-mapping",
            "bucket_key_enabled": false,
            "cache_control": "",
            "checksum_algorithm": null,
            "checksum_crc32": "",
            "checksum_crc32c": "",
            "checksum_crc64nvme": "",
            "checksum_sha1": "",
            "checksum_sha256": "",
            "content": null,
            "content_base64": null,
            "content_disposition": "",
            "content_encoding": "",
            "content_language": "",
            "content_type": "text/csv",
            "etag": "fbbfd530c7c20d15629a0c737cfd1f97",
            "force_destroy": false,
            "id": "product-sku.csv",
            "key": "product-sku.csv",
            "kms_key_id": null,
            "metadata": {},
            "object_lock_legal_hold_status": "",
            "object_lock_mode": "",
            "object_lock_retain_until_date": "",
            "override_provider": [],
            "server_side_encryption": "AES256",
            "source": "../src/Lookup Data/product-upc mapping.csv",
            "source_hash": null,
            "storage_class": "STANDARD",
            "tags": {
              "Environment": "dev",
              "Project": "pos-pipeline"
            },
            "tags_all": {
              "Environment": "dev",
              "ManagedBy": "Terraform",
              "Project": "pos-pipeline"
            },
            "version_id": "pohwMDqM_SBay6KyTaLWIU7gcgF3rgiX",
            "website_redirect": ""
          },
          "sensitive_attributes": [],
          "identity_schema_version": 0,
          "private": "bnVsbA==",
          "dependencies": [
            "data.archive_file.lambda_zips",
            "module.compute.aws_cloudwatch_log_group.lambda",
            "module.compute.aws_iam_role.lambda",
            "module.compute.aws_iam_role_policy.additional",
            "module.compute.aws_iam_role_policy_attachment.basic_execution",
            "module.compute.aws_iam_role_policy_attachment.vpc_access",
            "module.compute.aws_lambda_alias.this",
            "module.compute.aws_lambda_function.this",
            "module.compute.aws_lambda_function_event_invoke_config.this",
            "module.compute.aws_lambda_function_url.this",
            "module.compute.aws_lambda_permission.this",
            "module.compute.aws_lambda_provisioned_concurrency_config.this",
            "module.compute.data.aws_iam_policy_document.assume_role",
            "module.storage.aws_s3_bucket.this"
          ]
        }
      ]
    }
  ],
  "check_results": [
    {
      "object_kind": "var",
      "config_addr": "module.storage.var.object_ownership",
      "status": "pass",
      "objects": [
        {
          "object_addr": "module.storage[\"s3_bucket_raw\"].var.object_ownership",
          "status": "pass"
        },
        {
          "object_addr": "module.storage[\"s3_bucket_transformed\"].var.object_ownership",
          "status": "pass"
        },
        {
          "object_addr": "module.storage[\"s3_product_upc_mapping\"].var.object_ownership",
          "status": "pass"
        }
      ]
    },
    {
      "object_kind": "var",
      "config_addr": "module.layer.var.compatible_architectures",
      "status": "pass",
      "objects": null
    },
    {
      "object_kind": "var",
      "config_addr": "module.storage.var.mfa_delete",
      "status": "pass",
      "objects": [
        {
          "object_addr": "module.storage[\"s3_product_upc_mapping\"].var.mfa_delete",
          "status": "pass"
        },
        {
          "object_addr": "module.storage[\"s3_bucket_raw\"].var.mfa_delete",
          "status": "pass"
        },
        {
          "object_addr": "module.storage[\"s3_bucket_transformed\"].var.mfa_delete",
          "status": "pass"
        }
      ]
    },
    {
      "object_kind": "var",
      "config_addr": "module.storage.var.acceleration_status",
      "status": "pass",
      "objects": [
        {
          "object_addr": "module.storage[\"s3_product_upc_mapping\"].var.acceleration_status",
          "status": "pass"
        },
        {
          "object_addr": "module.storage[\"s3_bucket_raw\"].var.acceleration_status",
          "status": "pass"
        },
        {
          "object_addr": "module.storage[\"s3_bucket_transformed\"].var.acceleration_status",
          "status": "pass"
        }
      ]
    },
    {
      "object_kind": "var",
      "config_addr": "module.compute.var.package_type",
      "status": "pass",
      "objects": [
        {
          "object_addr": "module.compute[\"pos_transform\"].var.package_type",
          "status": "pass"
        },
        {
          "object_addr": "module.compute[\"pos_extract\"].var.package_type",
          "status": "pass"
        }
      ]
    },
    {
      "object_kind": "var",
      "config_addr": "module.compute.var.function_url_invoke_mode",
      "status": "pass",
      "objects": [
        {
          "object_addr": "module.compute[\"pos_extract\"].var.function_url_invoke_mode",
          "status": "pass"
        },
        {
          "object_addr": "module.compute[\"pos_transform\"].var.function_url_invoke_mode",
          "status": "pass"
        }
      ]
    },
    {
      "object_kind": "var",
      "config_addr": "module.secrets.var.recovery_window_in_days",
      "status": "pass",
      "objects": [
        {
          "object_addr": "module.secrets[\"snowflake_private_key\"].var.recovery_window_in_days",
          "status": "pass"
        },
        {
          "object_addr": "module.secrets[\"snowflake_credentials\"].var.recovery_window_in_days",
          "status": "pass"
        }
      ]
    },
    {
      "object_kind": "var",
      "config_addr": "module.storage.var.request_payer",
      "status": "pass",
      "objects": [
        {
          "object_addr": "module.storage[\"s3_product_upc_mapping\"].var.request_payer",
          "status": "pass"
        },
        {
          "object_addr": "module.storage[\"s3_bucket_raw\"].var.request_payer",
          "status": "pass"
        },
        {
          "object_addr": "module.storage[\"s3_bucket_transformed\"].var.request_payer",
          "status": "pass"
        }
      ]
    },
    {
      "object_kind": "var",
      "config_addr": "module.secrets.var.rotation_days",
      "status": "pass",
      "objects": [
        {
          "object_addr": "module.secrets[\"snowflake_credentials\"].var.rotation_days",
          "status": "pass"
        },
        {
          "object_addr": "module.secrets[\"snowflake_private_key\"].var.rotation_days",
          "status": "pass"
        }
      ]
    },
    {
      "object_kind": "var",
      "config_addr": "module.compute.var.timeout",
      "status": "pass",
      "objects": [
        {
          "object_addr": "module.compute[\"pos_transform\"].var.timeout",
          "status": "pass"
        },
        {
          "object_addr": "module.compute[\"pos_extract\"].var.timeout",
          "status": "pass"
        }
      ]
    },
    {
      "object_kind": "var",
      "config_addr": "module.compute.var.memory_size",
      "status": "pass",
      "objects": [
        {
          "object_addr": "module.compute[\"pos_extract\"].var.memory_size",
          "status": "pass"
        },
        {
          "object_addr": "module.compute[\"pos_transform\"].var.memory_size",
          "status": "pass"
        }
      ]
    },
    {
      "object_kind": "var",
      "config_addr": "module.compute.var.ephemeral_storage_size",
      "status": "pass",
      "objects": [
        {
          "object_addr": "module.compute[\"pos_transform\"].var.ephemeral_storage_size",
          "status": "pass"
        },
        {
          "object_addr": "module.compute[\"pos_extract\"].var.ephemeral_storage_size",
          "status": "pass"
        }
      ]
    },
    {
      "object_kind": "var",
      "config_addr": "module.compute.var.function_url_authorization_type",
      "status": "pass",
      "objects": [
        {
          "object_addr": "module.compute[\"pos_extract\"].var.function_url_authorization_type",
          "status": "pass"
        },
        {
          "object_addr": "module.compute[\"pos_transform\"].var.function_url_authorization_type",
          "status": "pass"
        }
      ]
    },
    {
      "object_kind": "var",
      "config_addr": "module.compute.var.logging_config",
      "status": "pass",
      "objects": [
        {
          "object_addr": "module.compute[\"pos_transform\"].var.logging_config",
          "status": "pass"
        },
        {
          "object_addr": "module.compute[\"pos_extract\"].var.logging_config",
          "status": "pass"
        }
      ]
    },
    {
      "object_kind": "var",
      "config_addr": "module.storage.var.versioning_status",
      "status": "pass",
      "objects": [
        {
          "object_addr": "module.storage[\"s3_bucket_raw\"].var.versioning_status",
          "status": "pass"
        },
        {
          "object_addr": "module.storage[\"s3_bucket_transformed\"].var.versioning_status",
          "status": "pass"
        },
        {
          "object_addr": "module.storage[\"s3_product_upc_mapping\"].var.versioning_status",
          "status": "pass"
        }
      ]
    },
    {
      "object_kind": "var",
      "config_addr": "module.compute.var.architectures",
      "status": "pass",
      "objects": [
        {
          "object_addr": "module.compute[\"pos_extract\"].var.architectures",
          "status": "pass"
        },
        {
          "object_addr": "module.compute[\"pos_transform\"].var.architectures",
          "status": "pass"
        }
      ]
    },
    {
      "object_kind": "var",
      "config_addr": "module.compute.var.runtime",
      "status": "pass",
      "objects": [
        {
          "object_addr": "module.compute[\"pos_extract\"].var.runtime",
          "status": "pass"
        },
        {
          "object_addr": "module.compute[\"pos_transform\"].var.runtime",
          "status": "pass"
        }
      ]
    },
    {
      "object_kind": "var",
      "config_addr": "module.layer.var.compatible_runtimes",
      "status": "pass",
      "objects": null
    },
    {
      "object_kind": "var",
      "config_addr": "module.compute.var.layer_arns",
      "status": "pass",
      "objects": [
        {
          "object_addr": "module.compute[\"pos_extract\"].var.layer_arns",
          "status": "pass"
        },
        {
          "object_addr": "module.compute[\"pos_transform\"].var.layer_arns",
          "status": "pass"
        }
      ]
    },
    {
      "object_kind": "var",
      "config_addr": "module.storage.var.sse_algorithm",
      "status": "pass",
      "objects": [
        {
          "object_addr": "module.storage[\"s3_bucket_raw\"].var.sse_algorithm",
          "status": "pass"
        },
        {
          "object_addr": "module.storage[\"s3_bucket_transformed\"].var.sse_algorithm",
          "status": "pass"
        },
        {
          "object_addr": "module.storage[\"s3_product_upc_mapping\"].var.sse_algorithm",
          "status": "pass"
        }
      ]
    }
  ]
}
